// !$*UTF8*$!
{
	archiveVersion = 1;
	classes = {
	};
	objectVersion = 56;
	objects = {

/* Begin PBXBuildFile section */
		430CDFF12924E6D800A84650 /* KeyFifth.cpp in Sources */ = {isa = PBXBuildFile; fileRef = 430CDFEF2924E6D700A84650 /* KeyFifth.cpp */; };
		430CDFF22924E6D800A84650 /* KeyFifth.hpp in Headers */ = {isa = PBXBuildFile; fileRef = 430CDFF02924E6D700A84650 /* KeyFifth.hpp */; };
		4310526729CDD15000694D5A /* Scale.cpp in Sources */ = {isa = PBXBuildFile; fileRef = 4310526529CDD15000694D5A /* Scale.cpp */; };
		4310526829CDD15000694D5A /* Scale.cpp in Sources */ = {isa = PBXBuildFile; fileRef = 4310526529CDD15000694D5A /* Scale.cpp */; };
		4310526929CDD15000694D5A /* Scale.hpp in Headers */ = {isa = PBXBuildFile; fileRef = 4310526629CDD15000694D5A /* Scale.hpp */; };
		431586332983E89B00918B1B /* PSEnum.cpp in Sources */ = {isa = PBXBuildFile; fileRef = 4315862B2983E89B00918B1B /* PSEnum.cpp */; };
		431586342983E89B00918B1B /* PSM21Enum.hpp in Headers */ = {isa = PBXBuildFile; fileRef = 4315862C2983E89B00918B1B /* PSM21Enum.hpp */; };
		431586352983E89B00918B1B /* PSRawEnum.cpp in Sources */ = {isa = PBXBuildFile; fileRef = 4315862D2983E89B00918B1B /* PSRawEnum.cpp */; };
		431586362983E89B00918B1B /* PSEnum.hpp in Headers */ = {isa = PBXBuildFile; fileRef = 4315862E2983E89B00918B1B /* PSEnum.hpp */; };
		431586382983E89B00918B1B /* PSNoteEnum.hpp in Headers */ = {isa = PBXBuildFile; fileRef = 431586302983E89B00918B1B /* PSNoteEnum.hpp */; };
		431586392983ED5B00918B1B /* NoteName.hpp in Headers */ = {isa = PBXBuildFile; fileRef = 436C6C4D2924023100152D8C /* NoteName.hpp */; };
		4315863A2983EDD900918B1B /* PSRawEnum.hpp in Headers */ = {isa = PBXBuildFile; fileRef = 431586292983E89B00918B1B /* PSRawEnum.hpp */; };
		4315863B2983F15400918B1B /* PSEnum.cpp in Sources */ = {isa = PBXBuildFile; fileRef = 4315862B2983E89B00918B1B /* PSEnum.cpp */; };
		4315863D2983F15400918B1B /* PSRawEnum.cpp in Sources */ = {isa = PBXBuildFile; fileRef = 4315862D2983E89B00918B1B /* PSRawEnum.cpp */; };
		432657E3294E2FB100515080 /* Weber.cpp in Sources */ = {isa = PBXBuildFile; fileRef = 432657E1294E2FB000515080 /* Weber.cpp */; };
		432657E4294E2FB100515080 /* Weber.cpp in Sources */ = {isa = PBXBuildFile; fileRef = 432657E1294E2FB000515080 /* Weber.cpp */; };
		432657E5294E2FB100515080 /* Weber.hpp in Headers */ = {isa = PBXBuildFile; fileRef = 432657E2294E2FB100515080 /* Weber.hpp */; };
		432E7A4E29D427FD000E2B72 /* PSE.cpp in Sources */ = {isa = PBXBuildFile; fileRef = 432E7A4C29D427FD000E2B72 /* PSE.cpp */; };
		432E7A4F29D427FD000E2B72 /* PSE.cpp in Sources */ = {isa = PBXBuildFile; fileRef = 432E7A4C29D427FD000E2B72 /* PSE.cpp */; };
		432E7A5429D45FE2000E2B72 /* PS13.cpp in Sources */ = {isa = PBXBuildFile; fileRef = 432E7A5229D45FE2000E2B72 /* PS13.cpp */; };
		432E7A5529D45FE2000E2B72 /* PS13.cpp in Sources */ = {isa = PBXBuildFile; fileRef = 432E7A5229D45FE2000E2B72 /* PS13.cpp */; };
		432E7A5629D45FE2000E2B72 /* PS13.hpp in Headers */ = {isa = PBXBuildFile; fileRef = 432E7A5329D45FE2000E2B72 /* PS13.hpp */; };
		432EF6AD292D405400C620CF /* Speller.cpp in Sources */ = {isa = PBXBuildFile; fileRef = 432EF6AB292D405400C620CF /* Speller.cpp */; };
		43316F2229AA73D7000160EA /* TonIndex.cpp in Sources */ = {isa = PBXBuildFile; fileRef = 435406A229A8D4BB0075B3B7 /* TonIndex.cpp */; };
		43316F2329AA73D8000160EA /* TonIndex.cpp in Sources */ = {isa = PBXBuildFile; fileRef = 435406A229A8D4BB0075B3B7 /* TonIndex.cpp */; };
		43316F2429AA73DC000160EA /* TonIndex.hpp in Headers */ = {isa = PBXBuildFile; fileRef = 435406A329A8D4BB0075B3B7 /* TonIndex.hpp */; };
		4331700029DD934E00BA534D /* TestEnharmonic.cpp in Sources */ = {isa = PBXBuildFile; fileRef = 43316FFF29DD934E00BA534D /* TestEnharmonic.cpp */; };
		4342FD102926781E004E914F /* PWO.hpp in Headers */ = {isa = PBXBuildFile; fileRef = 4342FD0F2926781E004E914F /* PWO.hpp */; };
		4342FD1229267895004E914F /* MidiNum.cpp in Sources */ = {isa = PBXBuildFile; fileRef = 4342FD1129267895004E914F /* MidiNum.cpp */; };
		4342FD142926789C004E914F /* MidiNum.hpp in Headers */ = {isa = PBXBuildFile; fileRef = 4342FD132926789C004E914F /* MidiNum.hpp */; };
		4342FD1929268C78004E914F /* pypse.hpp in Headers */ = {isa = PBXBuildFile; fileRef = 4342FD1729268C78004E914F /* pypse.hpp */; };
		434B1DF8298ECCF1001CE41C /* PSConfig1.cpp in Sources */ = {isa = PBXBuildFile; fileRef = 434B1DF6298ECCF0001CE41C /* PSConfig1.cpp */; };
		434B1DF9298ED0A0001CE41C /* PSConfig1.cpp in Sources */ = {isa = PBXBuildFile; fileRef = 434B1DF6298ECCF0001CE41C /* PSConfig1.cpp */; };
		434B1DFC298ED394001CE41C /* PSConfig2.cpp in Sources */ = {isa = PBXBuildFile; fileRef = 434B1DFA298ED394001CE41C /* PSConfig2.cpp */; };
		434B1DFD298ED394001CE41C /* PSConfig2.cpp in Sources */ = {isa = PBXBuildFile; fileRef = 434B1DFA298ED394001CE41C /* PSConfig2.cpp */; };
		434B1DFE298ED394001CE41C /* PSConfig2.hpp in Headers */ = {isa = PBXBuildFile; fileRef = 434B1DFB298ED394001CE41C /* PSConfig2.hpp */; };
		434B1E01298FD4FE001CE41C /* PSChord.cpp in Sources */ = {isa = PBXBuildFile; fileRef = 434B1DFF298FD4FE001CE41C /* PSChord.cpp */; };
		434B1E02298FD4FE001CE41C /* PSChord.cpp in Sources */ = {isa = PBXBuildFile; fileRef = 434B1DFF298FD4FE001CE41C /* PSChord.cpp */; };
		434B1E03298FD4FE001CE41C /* PSChord.hpp in Headers */ = {isa = PBXBuildFile; fileRef = 434B1E00298FD4FE001CE41C /* PSChord.hpp */; };
		435081DF29D6C96800465943 /* unit_test.cpp in Sources */ = {isa = PBXBuildFile; fileRef = 435081DD29D6C93000465943 /* unit_test.cpp */; };
		435081E929D6CFE300465943 /* libgtest.a in Frameworks */ = {isa = PBXBuildFile; fileRef = 435081E729D6CFCD00465943 /* libgtest.a */; };
		435081EA29D6CFF800465943 /* libgtest_main.a in Frameworks */ = {isa = PBXBuildFile; fileRef = 435081E829D6CFCD00465943 /* libgtest_main.a */; };
		435081EB29D6D74800465943 /* Ton.cpp in Sources */ = {isa = PBXBuildFile; fileRef = 43ABA4FF292423E8002AC1D4 /* Ton.cpp */; };
		435081EC29D6D74E00465943 /* KeyFifth.cpp in Sources */ = {isa = PBXBuildFile; fileRef = 430CDFEF2924E6D700A84650 /* KeyFifth.cpp */; };
		435081ED29D6D75100465943 /* Fifths.cpp in Sources */ = {isa = PBXBuildFile; fileRef = 43ABA502292423E8002AC1D4 /* Fifths.cpp */; };
		435081EE29D6D75600465943 /* Scale.cpp in Sources */ = {isa = PBXBuildFile; fileRef = 4310526529CDD15000694D5A /* Scale.cpp */; };
		435081EF29D6D75A00465943 /* Mode.cpp in Sources */ = {isa = PBXBuildFile; fileRef = 43F9BE6729CC696C00B0A7F8 /* Mode.cpp */; };
		435081F029D6D75D00465943 /* ModeName.cpp in Sources */ = {isa = PBXBuildFile; fileRef = 43F9BE6229CC423E00B0A7F8 /* ModeName.cpp */; };
		435081F129D6D76100465943 /* Pitch.cpp in Sources */ = {isa = PBXBuildFile; fileRef = 43C2BA1429994F630084AB3B /* Pitch.cpp */; };
		435081F229D6D76500465943 /* PWO.cpp in Sources */ = {isa = PBXBuildFile; fileRef = 43C2BA182999529E0084AB3B /* PWO.cpp */; };
		435081F329D6D76800465943 /* Enharmonic.cpp in Sources */ = {isa = PBXBuildFile; fileRef = 43ABA507292423E8002AC1D4 /* Enharmonic.cpp */; };
		435081F429D6D76C00465943 /* MidiNum.cpp in Sources */ = {isa = PBXBuildFile; fileRef = 4342FD1129267895004E914F /* MidiNum.cpp */; };
		435081F529D6D76F00465943 /* Accidental.cpp in Sources */ = {isa = PBXBuildFile; fileRef = 43ABA505292423E8002AC1D4 /* Accidental.cpp */; };
		435081F629D6D77200465943 /* NoteName.cpp in Sources */ = {isa = PBXBuildFile; fileRef = 43ABA4FD292423C5002AC1D4 /* NoteName.cpp */; };
		435081F729D6D78000465943 /* PSEnum.cpp in Sources */ = {isa = PBXBuildFile; fileRef = 4315862B2983E89B00918B1B /* PSEnum.cpp */; };
		435081F829D6D78200465943 /* PSChord.cpp in Sources */ = {isa = PBXBuildFile; fileRef = 434B1DFF298FD4FE001CE41C /* PSChord.cpp */; };
		435081FA29D6D78900465943 /* PSRawEnum.cpp in Sources */ = {isa = PBXBuildFile; fileRef = 4315862D2983E89B00918B1B /* PSRawEnum.cpp */; };
		435081FB29D6D7DF00465943 /* TonIndex.cpp in Sources */ = {isa = PBXBuildFile; fileRef = 435406A229A8D4BB0075B3B7 /* TonIndex.cpp */; };
		435081FC29D6D7E300465943 /* Weber.cpp in Sources */ = {isa = PBXBuildFile; fileRef = 432657E1294E2FB000515080 /* Weber.cpp */; };
		435081FD29D6D7F600465943 /* Interval.cpp in Sources */ = {isa = PBXBuildFile; fileRef = 43C2BA0E299946150084AB3B /* Interval.cpp */; };
		435081FE29D6D7F900465943 /* IntervalSimple.cpp in Sources */ = {isa = PBXBuildFile; fileRef = 43C2BA1B299A5FEE0084AB3B /* IntervalSimple.cpp */; };
		435081FF29D6D80B00465943 /* Speller.cpp in Sources */ = {isa = PBXBuildFile; fileRef = 432EF6AB292D405400C620CF /* Speller.cpp */; };
		4350820129D6D85100465943 /* trace.cpp in Sources */ = {isa = PBXBuildFile; fileRef = 43A2543E29280D8900D559D2 /* trace.cpp */; };
		4350820329D6E3AB00465943 /* TestNoteName.cpp in Sources */ = {isa = PBXBuildFile; fileRef = 4350820229D6E3AB00465943 /* TestNoteName.cpp */; };
		4350820529D6FDA100465943 /* TestMode.cpp in Sources */ = {isa = PBXBuildFile; fileRef = 4350820429D6FDA100465943 /* TestMode.cpp */; };
		4350820829D7032B00465943 /* TestMidiNum.cpp in Sources */ = {isa = PBXBuildFile; fileRef = 4350820729D7032B00465943 /* TestMidiNum.cpp */; };
		43791C8E29D8392200DE8796 /* TestAccidental.cpp in Sources */ = {isa = PBXBuildFile; fileRef = 43791C8D29D8392200DE8796 /* TestAccidental.cpp */; };
		43791C8F29D83EE400DE8796 /* TestScale.cpp in Sources */ = {isa = PBXBuildFile; fileRef = 435081CE29D6C04600465943 /* TestScale.cpp */; };
		4397A5DE29A6CDB300C2CC9A /* PSOrder.hpp in Headers */ = {isa = PBXBuildFile; fileRef = 4397A5DC29A6CDB300C2CC9A /* PSOrder.hpp */; };
		43A2544029280D8900D559D2 /* trace.cpp in Sources */ = {isa = PBXBuildFile; fileRef = 43A2543E29280D8900D559D2 /* trace.cpp */; };
		43A2544129280D8900D559D2 /* trace.hpp in Headers */ = {isa = PBXBuildFile; fileRef = 43A2543F29280D8900D559D2 /* trace.hpp */; };
		43A2544529280E1600D559D2 /* config.h in Headers */ = {isa = PBXBuildFile; fileRef = 43A2544329280E1600D559D2 /* config.h */; };
		43ABA4FE292423C5002AC1D4 /* NoteName.cpp in Sources */ = {isa = PBXBuildFile; fileRef = 43ABA4FD292423C5002AC1D4 /* NoteName.cpp */; };
		43ABA509292423E8002AC1D4 /* Ton.cpp in Sources */ = {isa = PBXBuildFile; fileRef = 43ABA4FF292423E8002AC1D4 /* Ton.cpp */; };
		43ABA50A292423E8002AC1D4 /* Fifths.hpp in Headers */ = {isa = PBXBuildFile; fileRef = 43ABA500292423E8002AC1D4 /* Fifths.hpp */; };
		43ABA50B292423E8002AC1D4 /* Accidental.hpp in Headers */ = {isa = PBXBuildFile; fileRef = 43ABA501292423E8002AC1D4 /* Accidental.hpp */; };
		43ABA50C292423E8002AC1D4 /* Fifths.cpp in Sources */ = {isa = PBXBuildFile; fileRef = 43ABA502292423E8002AC1D4 /* Fifths.cpp */; };
		43ABA50D292423E8002AC1D4 /* Enharmonic.hpp in Headers */ = {isa = PBXBuildFile; fileRef = 43ABA503292423E8002AC1D4 /* Enharmonic.hpp */; };
		43ABA50F292423E8002AC1D4 /* Accidental.cpp in Sources */ = {isa = PBXBuildFile; fileRef = 43ABA505292423E8002AC1D4 /* Accidental.cpp */; };
		43ABA510292423E8002AC1D4 /* Ton.hpp in Headers */ = {isa = PBXBuildFile; fileRef = 43ABA506292423E8002AC1D4 /* Ton.hpp */; };
		43ABA511292423E8002AC1D4 /* Enharmonic.cpp in Sources */ = {isa = PBXBuildFile; fileRef = 43ABA507292423E8002AC1D4 /* Enharmonic.cpp */; };
		43ABA52329242418002AC1D4 /* PSBag.cpp in Sources */ = {isa = PBXBuildFile; fileRef = 43ABA51329242417002AC1D4 /* PSBag.cpp */; };
		43ABA52429242418002AC1D4 /* PSVector.hpp in Headers */ = {isa = PBXBuildFile; fileRef = 43ABA51429242417002AC1D4 /* PSVector.hpp */; };
		43ABA52529242418002AC1D4 /* PSVector.cpp in Sources */ = {isa = PBXBuildFile; fileRef = 43ABA51529242417002AC1D4 /* PSVector.cpp */; };
		43ABA52629242418002AC1D4 /* PSPath.cpp in Sources */ = {isa = PBXBuildFile; fileRef = 43ABA51629242417002AC1D4 /* PSPath.cpp */; };
		43ABA52729242418002AC1D4 /* PSConfig.cpp in Sources */ = {isa = PBXBuildFile; fileRef = 43ABA51729242417002AC1D4 /* PSConfig.cpp */; };
		43ABA52929242418002AC1D4 /* PSState.hpp in Headers */ = {isa = PBXBuildFile; fileRef = 43ABA51929242417002AC1D4 /* PSState.hpp */; };
		43ABA52A29242418002AC1D4 /* PSBag.hpp in Headers */ = {isa = PBXBuildFile; fileRef = 43ABA51A29242417002AC1D4 /* PSBag.hpp */; };
		43ABA52B29242418002AC1D4 /* PSConfig.hpp in Headers */ = {isa = PBXBuildFile; fileRef = 43ABA51B29242418002AC1D4 /* PSConfig.hpp */; };
		43ABA52C29242418002AC1D4 /* PSPath.hpp in Headers */ = {isa = PBXBuildFile; fileRef = 43ABA51C29242418002AC1D4 /* PSPath.hpp */; };
		43ABA52E29242418002AC1D4 /* PSState.cpp in Sources */ = {isa = PBXBuildFile; fileRef = 43ABA51E29242418002AC1D4 /* PSState.cpp */; };
		43ABA52F29242418002AC1D4 /* PSTable.cpp in Sources */ = {isa = PBXBuildFile; fileRef = 43ABA51F29242418002AC1D4 /* PSTable.cpp */; };
		43ABA53029242418002AC1D4 /* PSConfig0.hpp in Headers */ = {isa = PBXBuildFile; fileRef = 43ABA52029242418002AC1D4 /* PSConfig0.hpp */; };
		43ABA53129242418002AC1D4 /* PSConfig0.cpp in Sources */ = {isa = PBXBuildFile; fileRef = 43ABA52129242418002AC1D4 /* PSConfig0.cpp */; };
		43ABA53229242418002AC1D4 /* PSTable.hpp in Headers */ = {isa = PBXBuildFile; fileRef = 43ABA52229242418002AC1D4 /* PSTable.hpp */; };
		43B4939B2948D9F9006435B1 /* pypse.cpp in Sources */ = {isa = PBXBuildFile; fileRef = 4342FD1629268C78004E914F /* pypse.cpp */; };
		43C2BA10299946150084AB3B /* Interval.cpp in Sources */ = {isa = PBXBuildFile; fileRef = 43C2BA0E299946150084AB3B /* Interval.cpp */; };
		43C2BA11299946150084AB3B /* Interval.cpp in Sources */ = {isa = PBXBuildFile; fileRef = 43C2BA0E299946150084AB3B /* Interval.cpp */; };
		43C2BA12299946150084AB3B /* Interval.hpp in Headers */ = {isa = PBXBuildFile; fileRef = 43C2BA0F299946150084AB3B /* Interval.hpp */; };
		43C2BA1529994F630084AB3B /* Pitch.hpp in Headers */ = {isa = PBXBuildFile; fileRef = 43C2BA1329994F630084AB3B /* Pitch.hpp */; };
		43C2BA1629994F630084AB3B /* Pitch.cpp in Sources */ = {isa = PBXBuildFile; fileRef = 43C2BA1429994F630084AB3B /* Pitch.cpp */; };
		43C2BA1729994F630084AB3B /* Pitch.cpp in Sources */ = {isa = PBXBuildFile; fileRef = 43C2BA1429994F630084AB3B /* Pitch.cpp */; };
		43C2BA192999529E0084AB3B /* PWO.cpp in Sources */ = {isa = PBXBuildFile; fileRef = 43C2BA182999529E0084AB3B /* PWO.cpp */; };
		43C2BA1A2999529E0084AB3B /* PWO.cpp in Sources */ = {isa = PBXBuildFile; fileRef = 43C2BA182999529E0084AB3B /* PWO.cpp */; };
		43C2BA1D299A5FEE0084AB3B /* IntervalSimple.cpp in Sources */ = {isa = PBXBuildFile; fileRef = 43C2BA1B299A5FEE0084AB3B /* IntervalSimple.cpp */; };
		43C2BA1E299A5FEE0084AB3B /* IntervalSimple.cpp in Sources */ = {isa = PBXBuildFile; fileRef = 43C2BA1B299A5FEE0084AB3B /* IntervalSimple.cpp */; };
		43DD95492945E223006DC553 /* PSCost.cpp in Sources */ = {isa = PBXBuildFile; fileRef = 43DD95472945E223006DC553 /* PSCost.cpp */; };
		43DD954A2945E223006DC553 /* PSCost.cpp in Sources */ = {isa = PBXBuildFile; fileRef = 43DD95472945E223006DC553 /* PSCost.cpp */; };
		43DD954B2945E223006DC553 /* PSCost.hpp in Headers */ = {isa = PBXBuildFile; fileRef = 43DD95482945E223006DC553 /* PSCost.hpp */; };
		43F9BE6429CC423E00B0A7F8 /* ModeName.cpp in Sources */ = {isa = PBXBuildFile; fileRef = 43F9BE6229CC423E00B0A7F8 /* ModeName.cpp */; };
		43F9BE6529CC423E00B0A7F8 /* ModeName.cpp in Sources */ = {isa = PBXBuildFile; fileRef = 43F9BE6229CC423E00B0A7F8 /* ModeName.cpp */; };
		43F9BE6629CC423E00B0A7F8 /* ModeName.hpp in Headers */ = {isa = PBXBuildFile; fileRef = 43F9BE6329CC423E00B0A7F8 /* ModeName.hpp */; };
		43F9BE6929CC696C00B0A7F8 /* Mode.cpp in Sources */ = {isa = PBXBuildFile; fileRef = 43F9BE6729CC696C00B0A7F8 /* Mode.cpp */; };
		43F9BE6A29CC696C00B0A7F8 /* Mode.cpp in Sources */ = {isa = PBXBuildFile; fileRef = 43F9BE6729CC696C00B0A7F8 /* Mode.cpp */; };
		43F9BE6B29CC696C00B0A7F8 /* Mode.hpp in Headers */ = {isa = PBXBuildFile; fileRef = 43F9BE6829CC696C00B0A7F8 /* Mode.hpp */; };
		43F9BE6E29CC7DB000B0A7F8 /* ModeFactory.cpp in Sources */ = {isa = PBXBuildFile; fileRef = 43F9BE6C29CC7DB000B0A7F8 /* ModeFactory.cpp */; };
		43F9BE6F29CC7DB000B0A7F8 /* ModeFactory.cpp in Sources */ = {isa = PBXBuildFile; fileRef = 43F9BE6C29CC7DB000B0A7F8 /* ModeFactory.cpp */; };
		43F9BE7029CC7DB000B0A7F8 /* ModeFactory.hpp in Headers */ = {isa = PBXBuildFile; fileRef = 43F9BE6D29CC7DB000B0A7F8 /* ModeFactory.hpp */; };
		43FBEAC42930CEDD008FC486 /* debugpse.cpp in Sources */ = {isa = PBXBuildFile; fileRef = 43FBEAB52930CB16008FC486 /* debugpse.cpp */; };
		43FBEAC52930CEDD008FC486 /* Speller.cpp in Sources */ = {isa = PBXBuildFile; fileRef = 432EF6AB292D405400C620CF /* Speller.cpp */; };
		43FBEAC62930CEDD008FC486 /* trace.cpp in Sources */ = {isa = PBXBuildFile; fileRef = 43A2543E29280D8900D559D2 /* trace.cpp */; };
		43FBEAC72930CEDD008FC486 /* NoteName.cpp in Sources */ = {isa = PBXBuildFile; fileRef = 43ABA4FD292423C5002AC1D4 /* NoteName.cpp */; };
		43FBEAC82930CEDD008FC486 /* Accidental.cpp in Sources */ = {isa = PBXBuildFile; fileRef = 43ABA505292423E8002AC1D4 /* Accidental.cpp */; };
		43FBEAC92930CEDD008FC486 /* MidiNum.cpp in Sources */ = {isa = PBXBuildFile; fileRef = 4342FD1129267895004E914F /* MidiNum.cpp */; };
		43FBEACA2930CEDD008FC486 /* Enharmonic.cpp in Sources */ = {isa = PBXBuildFile; fileRef = 43ABA507292423E8002AC1D4 /* Enharmonic.cpp */; };
		43FBEACB2930CEDD008FC486 /* Fifths.cpp in Sources */ = {isa = PBXBuildFile; fileRef = 43ABA502292423E8002AC1D4 /* Fifths.cpp */; };
		43FBEACC2930CEDD008FC486 /* KeyFifth.cpp in Sources */ = {isa = PBXBuildFile; fileRef = 430CDFEF2924E6D700A84650 /* KeyFifth.cpp */; };
		43FBEACD2930CEDD008FC486 /* Ton.cpp in Sources */ = {isa = PBXBuildFile; fileRef = 43ABA4FF292423E8002AC1D4 /* Ton.cpp */; };
		43FBEACE2930CEDD008FC486 /* PSState.cpp in Sources */ = {isa = PBXBuildFile; fileRef = 43ABA51E29242418002AC1D4 /* PSState.cpp */; };
		43FBEACF2930CEDD008FC486 /* PSConfig0.cpp in Sources */ = {isa = PBXBuildFile; fileRef = 43ABA52129242418002AC1D4 /* PSConfig0.cpp */; };
		43FBEAD02930CEDD008FC486 /* PSConfig.cpp in Sources */ = {isa = PBXBuildFile; fileRef = 43ABA51729242417002AC1D4 /* PSConfig.cpp */; };
		43FBEAD12930CEDD008FC486 /* PSBag.cpp in Sources */ = {isa = PBXBuildFile; fileRef = 43ABA51329242417002AC1D4 /* PSBag.cpp */; };
		43FBEAD22930CEDD008FC486 /* PSVector.cpp in Sources */ = {isa = PBXBuildFile; fileRef = 43ABA51529242417002AC1D4 /* PSVector.cpp */; };
		43FBEAD32930CEDD008FC486 /* PSTable.cpp in Sources */ = {isa = PBXBuildFile; fileRef = 43ABA51F29242418002AC1D4 /* PSTable.cpp */; };
		43FBEAD42930CEDD008FC486 /* PSPath.cpp in Sources */ = {isa = PBXBuildFile; fileRef = 43ABA51629242417002AC1D4 /* PSPath.cpp */; };
/* End PBXBuildFile section */

/* Begin PBXCopyFilesBuildPhase section */
		435081D129D6C09A00465943 /* CopyFiles */ = {
			isa = PBXCopyFilesBuildPhase;
			buildActionMask = 2147483647;
			dstPath = /usr/share/man/man1/;
			dstSubfolderSpec = 0;
			files = (
			);
			runOnlyForDeploymentPostprocessing = 1;
		};
		43FBEABB2930CD21008FC486 /* CopyFiles */ = {
			isa = PBXCopyFilesBuildPhase;
			buildActionMask = 2147483647;
			dstPath = /usr/share/man/man1/;
			dstSubfolderSpec = 0;
			files = (
			);
			runOnlyForDeploymentPostprocessing = 1;
		};
/* End PBXCopyFilesBuildPhase section */

/* Begin PBXFileReference section */
		430CDFEF2924E6D700A84650 /* KeyFifth.cpp */ = {isa = PBXFileReference; fileEncoding = 4; lastKnownFileType = sourcecode.cpp.cpp; name = KeyFifth.cpp; path = src/ton/KeyFifth.cpp; sourceTree = "<group>"; };
		430CDFF02924E6D700A84650 /* KeyFifth.hpp */ = {isa = PBXFileReference; fileEncoding = 4; lastKnownFileType = sourcecode.cpp.h; name = KeyFifth.hpp; path = src/ton/KeyFifth.hpp; sourceTree = "<group>"; };
		4310526529CDD15000694D5A /* Scale.cpp */ = {isa = PBXFileReference; lastKnownFileType = sourcecode.cpp.cpp; path = Scale.cpp; sourceTree = "<group>"; };
		4310526629CDD15000694D5A /* Scale.hpp */ = {isa = PBXFileReference; lastKnownFileType = sourcecode.cpp.h; path = Scale.hpp; sourceTree = "<group>"; };
		431586172983E57F00918B1B /* README.md */ = {isa = PBXFileReference; fileEncoding = 4; lastKnownFileType = net.daringfireball.markdown; path = README.md; sourceTree = "<group>"; };
		4315861D2983E84D00918B1B /* KeyFind.hpp */ = {isa = PBXFileReference; fileEncoding = 4; lastKnownFileType = sourcecode.cpp.h; name = KeyFind.hpp; path = src/KrumhanslSchmuckler/KeyFind.hpp; sourceTree = "<group>"; };
		4315861E2983E84D00918B1B /* KeyFind.cpp */ = {isa = PBXFileReference; fileEncoding = 4; lastKnownFileType = sourcecode.cpp.cpp; name = KeyFind.cpp; path = src/KrumhanslSchmuckler/KeyFind.cpp; sourceTree = "<group>"; };
		431586212983E86E00918B1B /* Spiral.hpp */ = {isa = PBXFileReference; fileEncoding = 4; lastKnownFileType = sourcecode.cpp.h; name = Spiral.hpp; path = src/Spiral/Spiral.hpp; sourceTree = "<group>"; };
		431586222983E86E00918B1B /* InputSegmentSpiral.hpp */ = {isa = PBXFileReference; fileEncoding = 4; lastKnownFileType = sourcecode.cpp.h; name = InputSegmentSpiral.hpp; path = src/Spiral/InputSegmentSpiral.hpp; sourceTree = "<group>"; };
		431586232983E86E00918B1B /* InputSegmentSpiral.cpp */ = {isa = PBXFileReference; fileEncoding = 4; lastKnownFileType = sourcecode.cpp.cpp; name = InputSegmentSpiral.cpp; path = src/Spiral/InputSegmentSpiral.cpp; sourceTree = "<group>"; };
		431586242983E86E00918B1B /* Spiral.cpp */ = {isa = PBXFileReference; fileEncoding = 4; lastKnownFileType = sourcecode.cpp.cpp; name = Spiral.cpp; path = src/Spiral/Spiral.cpp; sourceTree = "<group>"; };
		431586292983E89B00918B1B /* PSRawEnum.hpp */ = {isa = PBXFileReference; fileEncoding = 4; lastKnownFileType = sourcecode.cpp.h; name = PSRawEnum.hpp; path = src/spell/import/PSRawEnum.hpp; sourceTree = "<group>"; };
		4315862A2983E89B00918B1B /* PSNoteEnum.cpp */ = {isa = PBXFileReference; fileEncoding = 4; lastKnownFileType = sourcecode.cpp.cpp; name = PSNoteEnum.cpp; path = src/spell/import/PSNoteEnum.cpp; sourceTree = "<group>"; };
		4315862B2983E89B00918B1B /* PSEnum.cpp */ = {isa = PBXFileReference; fileEncoding = 4; lastKnownFileType = sourcecode.cpp.cpp; name = PSEnum.cpp; path = src/spell/import/PSEnum.cpp; sourceTree = "<group>"; };
		4315862C2983E89B00918B1B /* PSM21Enum.hpp */ = {isa = PBXFileReference; fileEncoding = 4; lastKnownFileType = sourcecode.cpp.h; name = PSM21Enum.hpp; path = src/spell/import/PSM21Enum.hpp; sourceTree = "<group>"; };
		4315862D2983E89B00918B1B /* PSRawEnum.cpp */ = {isa = PBXFileReference; fileEncoding = 4; lastKnownFileType = sourcecode.cpp.cpp; name = PSRawEnum.cpp; path = src/spell/import/PSRawEnum.cpp; sourceTree = "<group>"; };
		4315862E2983E89B00918B1B /* PSEnum.hpp */ = {isa = PBXFileReference; fileEncoding = 4; lastKnownFileType = sourcecode.cpp.h; name = PSEnum.hpp; path = src/spell/import/PSEnum.hpp; sourceTree = "<group>"; };
		4315862F2983E89B00918B1B /* PSM21Enum.cpp */ = {isa = PBXFileReference; fileEncoding = 4; lastKnownFileType = sourcecode.cpp.cpp; name = PSM21Enum.cpp; path = src/spell/import/PSM21Enum.cpp; sourceTree = "<group>"; };
		431586302983E89B00918B1B /* PSNoteEnum.hpp */ = {isa = PBXFileReference; fileEncoding = 4; lastKnownFileType = sourcecode.cpp.h; name = PSNoteEnum.hpp; path = src/spell/import/PSNoteEnum.hpp; sourceTree = "<group>"; };
		432657E1294E2FB000515080 /* Weber.cpp */ = {isa = PBXFileReference; lastKnownFileType = sourcecode.cpp.cpp; name = Weber.cpp; path = src/ton/Weber.cpp; sourceTree = "<group>"; };
		432657E2294E2FB100515080 /* Weber.hpp */ = {isa = PBXFileReference; lastKnownFileType = sourcecode.cpp.h; name = Weber.hpp; path = src/ton/Weber.hpp; sourceTree = "<group>"; };
		432E7A4C29D427FD000E2B72 /* PSE.cpp */ = {isa = PBXFileReference; lastKnownFileType = sourcecode.cpp.cpp; name = PSE.cpp; path = src/targets/PSE.cpp; sourceTree = "<group>"; };
		432E7A4D29D427FD000E2B72 /* PSE.hpp */ = {isa = PBXFileReference; lastKnownFileType = sourcecode.cpp.h; name = PSE.hpp; path = src/targets/PSE.hpp; sourceTree = "<group>"; };
		432E7A5229D45FE2000E2B72 /* PS13.cpp */ = {isa = PBXFileReference; lastKnownFileType = sourcecode.cpp.cpp; path = PS13.cpp; sourceTree = "<group>"; };
		432E7A5329D45FE2000E2B72 /* PS13.hpp */ = {isa = PBXFileReference; lastKnownFileType = sourcecode.cpp.h; path = PS13.hpp; sourceTree = "<group>"; };
		432E7A5829D494AE000E2B72 /* README.md */ = {isa = PBXFileReference; fileEncoding = 4; lastKnownFileType = net.daringfireball.markdown; path = README.md; sourceTree = "<group>"; };
		432EF6AB292D405400C620CF /* Speller.cpp */ = {isa = PBXFileReference; lastKnownFileType = sourcecode.cpp.cpp; name = Speller.cpp; path = src/general/Speller.cpp; sourceTree = "<group>"; };
		432EF6AC292D405400C620CF /* Speller.hpp */ = {isa = PBXFileReference; lastKnownFileType = sourcecode.cpp.h; name = Speller.hpp; path = src/general/Speller.hpp; sourceTree = "<group>"; };
		43316FFF29DD934E00BA534D /* TestEnharmonic.cpp */ = {isa = PBXFileReference; lastKnownFileType = sourcecode.cpp.cpp; path = TestEnharmonic.cpp; sourceTree = "<group>"; };
		4342FD0F2926781E004E914F /* PWO.hpp */ = {isa = PBXFileReference; fileEncoding = 4; lastKnownFileType = sourcecode.cpp.h; name = PWO.hpp; path = src/pitch/PWO.hpp; sourceTree = "<group>"; };
		4342FD1129267895004E914F /* MidiNum.cpp */ = {isa = PBXFileReference; fileEncoding = 4; lastKnownFileType = sourcecode.cpp.cpp; name = MidiNum.cpp; path = src/pitch/MidiNum.cpp; sourceTree = "<group>"; };
		4342FD132926789C004E914F /* MidiNum.hpp */ = {isa = PBXFileReference; fileEncoding = 4; lastKnownFileType = sourcecode.cpp.h; name = MidiNum.hpp; path = src/pitch/MidiNum.hpp; sourceTree = "<group>"; };
		4342FD1629268C78004E914F /* pypse.cpp */ = {isa = PBXFileReference; lastKnownFileType = sourcecode.cpp.cpp; name = pypse.cpp; path = src/targets/pypse.cpp; sourceTree = "<group>"; };
		4342FD1729268C78004E914F /* pypse.hpp */ = {isa = PBXFileReference; lastKnownFileType = sourcecode.cpp.h; name = pypse.hpp; path = src/targets/pypse.hpp; sourceTree = "<group>"; };
		4342FD1A2926B925004E914F /* CMakeLists.txt */ = {isa = PBXFileReference; fileEncoding = 4; lastKnownFileType = text; path = CMakeLists.txt; sourceTree = "<group>"; };
		434B1DF5298ECCF0001CE41C /* PSConfig1.hpp */ = {isa = PBXFileReference; fileEncoding = 4; lastKnownFileType = sourcecode.cpp.h; name = PSConfig1.hpp; path = src/spell/PSConfig1.hpp; sourceTree = "<group>"; };
		434B1DF6298ECCF0001CE41C /* PSConfig1.cpp */ = {isa = PBXFileReference; fileEncoding = 4; lastKnownFileType = sourcecode.cpp.cpp; name = PSConfig1.cpp; path = src/spell/PSConfig1.cpp; sourceTree = "<group>"; };
		434B1DFA298ED394001CE41C /* PSConfig2.cpp */ = {isa = PBXFileReference; lastKnownFileType = sourcecode.cpp.cpp; name = PSConfig2.cpp; path = src/spell/PSConfig2.cpp; sourceTree = "<group>"; };
		434B1DFB298ED394001CE41C /* PSConfig2.hpp */ = {isa = PBXFileReference; lastKnownFileType = sourcecode.cpp.h; name = PSConfig2.hpp; path = src/spell/PSConfig2.hpp; sourceTree = "<group>"; };
		434B1DFF298FD4FE001CE41C /* PSChord.cpp */ = {isa = PBXFileReference; lastKnownFileType = sourcecode.cpp.cpp; name = PSChord.cpp; path = src/spell/PSChord.cpp; sourceTree = "<group>"; };
		434B1E00298FD4FE001CE41C /* PSChord.hpp */ = {isa = PBXFileReference; lastKnownFileType = sourcecode.cpp.h; name = PSChord.hpp; path = src/spell/PSChord.hpp; sourceTree = "<group>"; };
		435081CE29D6C04600465943 /* TestScale.cpp */ = {isa = PBXFileReference; lastKnownFileType = sourcecode.cpp.cpp; path = TestScale.cpp; sourceTree = "<group>"; };
		435081D329D6C09A00465943 /* testpse */ = {isa = PBXFileReference; explicitFileType = "compiled.mach-o.executable"; includeInIndex = 0; path = testpse; sourceTree = BUILT_PRODUCTS_DIR; };
		435081DB29D6C53D00465943 /* README.md */ = {isa = PBXFileReference; lastKnownFileType = net.daringfireball.markdown; name = README.md; path = extern/README.md; sourceTree = "<group>"; };
		435081DC29D6C93000465943 /* CMakeLists.txt */ = {isa = PBXFileReference; fileEncoding = 4; lastKnownFileType = text; path = CMakeLists.txt; sourceTree = "<group>"; };
		435081DD29D6C93000465943 /* unit_test.cpp */ = {isa = PBXFileReference; fileEncoding = 4; lastKnownFileType = sourcecode.cpp.cpp; path = unit_test.cpp; sourceTree = "<group>"; };
		435081E729D6CFCD00465943 /* libgtest.a */ = {isa = PBXFileReference; lastKnownFileType = archive.ar; name = libgtest.a; path = extern/googletest/build/lib/libgtest.a; sourceTree = "<group>"; };
		435081E829D6CFCD00465943 /* libgtest_main.a */ = {isa = PBXFileReference; lastKnownFileType = archive.ar; name = libgtest_main.a; path = extern/googletest/build/lib/libgtest_main.a; sourceTree = "<group>"; };
		4350820229D6E3AB00465943 /* TestNoteName.cpp */ = {isa = PBXFileReference; lastKnownFileType = sourcecode.cpp.cpp; path = TestNoteName.cpp; sourceTree = "<group>"; };
		4350820429D6FDA100465943 /* TestMode.cpp */ = {isa = PBXFileReference; lastKnownFileType = sourcecode.cpp.cpp; path = TestMode.cpp; sourceTree = "<group>"; };
		4350820729D7032B00465943 /* TestMidiNum.cpp */ = {isa = PBXFileReference; lastKnownFileType = sourcecode.cpp.cpp; path = TestMidiNum.cpp; sourceTree = "<group>"; };
		4354069F29A8D2F90075B3B7 /* README.md */ = {isa = PBXFileReference; lastKnownFileType = net.daringfireball.markdown; name = README.md; path = src/chord/README.md; sourceTree = "<group>"; };
		435406A029A8D3530075B3B7 /* README.md */ = {isa = PBXFileReference; lastKnownFileType = net.daringfireball.markdown; name = README.md; path = src/Spiral/README.md; sourceTree = "<group>"; };
		435406A129A8D4050075B3B7 /* README.md */ = {isa = PBXFileReference; lastKnownFileType = net.daringfireball.markdown; name = README.md; path = src/KrumhanslSchmuckler/README.md; sourceTree = "<group>"; };
		435406A229A8D4BB0075B3B7 /* TonIndex.cpp */ = {isa = PBXFileReference; lastKnownFileType = sourcecode.cpp.cpp; name = TonIndex.cpp; path = src/ton/TonIndex.cpp; sourceTree = "<group>"; };
		435406A329A8D4BB0075B3B7 /* TonIndex.hpp */ = {isa = PBXFileReference; lastKnownFileType = sourcecode.cpp.h; name = TonIndex.hpp; path = src/ton/TonIndex.hpp; sourceTree = "<group>"; };
		4363442C29D31D8700F5D628 /* README.md */ = {isa = PBXFileReference; fileEncoding = 4; lastKnownFileType = net.daringfireball.markdown; path = README.md; sourceTree = "<group>"; };
		436C6C3D2924016F00152D8C /* pse.cpython-310-darwin.so */ = {isa = PBXFileReference; explicitFileType = "compiled.mach-o.dylib"; includeInIndex = 0; path = "pse.cpython-310-darwin.so"; sourceTree = BUILT_PRODUCTS_DIR; };
		436C6C4D2924023100152D8C /* NoteName.hpp */ = {isa = PBXFileReference; fileEncoding = 4; lastKnownFileType = sourcecode.cpp.h; name = NoteName.hpp; path = src/pitch/NoteName.hpp; sourceTree = "<group>"; };
		43791C8D29D8392200DE8796 /* TestAccidental.cpp */ = {isa = PBXFileReference; lastKnownFileType = sourcecode.cpp.cpp; path = TestAccidental.cpp; sourceTree = "<group>"; };
		43947D0029D972AF008EB20A /* README.md */ = {isa = PBXFileReference; lastKnownFileType = net.daringfireball.markdown; name = README.md; path = src/ps14/README.md; sourceTree = "<group>"; xcLanguageSpecificationIdentifier = xcode.lang.markdown; };
		4397A5DC29A6CDB300C2CC9A /* PSOrder.hpp */ = {isa = PBXFileReference; lastKnownFileType = sourcecode.cpp.h; name = PSOrder.hpp; path = src/spell/PSOrder.hpp; sourceTree = "<group>"; };
		43A2543E29280D8900D559D2 /* trace.cpp */ = {isa = PBXFileReference; lastKnownFileType = sourcecode.cpp.cpp; name = trace.cpp; path = src/general/trace.cpp; sourceTree = "<group>"; };
		43A2543F29280D8900D559D2 /* trace.hpp */ = {isa = PBXFileReference; lastKnownFileType = sourcecode.cpp.h; name = trace.hpp; path = src/general/trace.hpp; sourceTree = "<group>"; };
		43A2544329280E1600D559D2 /* config.h */ = {isa = PBXFileReference; lastKnownFileType = sourcecode.c.h; name = config.h; path = src/general/config.h; sourceTree = "<group>"; };
		43A25446292B7D7E00D559D2 /* exemple.cpp */ = {isa = PBXFileReference; lastKnownFileType = sourcecode.cpp.cpp; name = exemple.cpp; path = src/targets/exemple.cpp; sourceTree = "<group>"; };
		43A25449292CC61100D559D2 /* README.md */ = {isa = PBXFileReference; fileEncoding = 4; lastKnownFileType = net.daringfireball.markdown; name = README.md; path = src/README.md; sourceTree = "<group>"; };
		43A2544A292CC61100D559D2 /* Makefile */ = {isa = PBXFileReference; fileEncoding = 4; lastKnownFileType = sourcecode.make; path = Makefile; sourceTree = "<group>"; };
		43ABA4FD292423C5002AC1D4 /* NoteName.cpp */ = {isa = PBXFileReference; fileEncoding = 4; lastKnownFileType = sourcecode.cpp.cpp; name = NoteName.cpp; path = src/pitch/NoteName.cpp; sourceTree = "<group>"; };
		43ABA4FF292423E8002AC1D4 /* Ton.cpp */ = {isa = PBXFileReference; fileEncoding = 4; lastKnownFileType = sourcecode.cpp.cpp; name = Ton.cpp; path = src/ton/Ton.cpp; sourceTree = "<group>"; };
		43ABA500292423E8002AC1D4 /* Fifths.hpp */ = {isa = PBXFileReference; fileEncoding = 4; lastKnownFileType = sourcecode.cpp.h; name = Fifths.hpp; path = src/ton/Fifths.hpp; sourceTree = "<group>"; };
		43ABA501292423E8002AC1D4 /* Accidental.hpp */ = {isa = PBXFileReference; fileEncoding = 4; lastKnownFileType = sourcecode.cpp.h; name = Accidental.hpp; path = src/pitch/Accidental.hpp; sourceTree = "<group>"; };
		43ABA502292423E8002AC1D4 /* Fifths.cpp */ = {isa = PBXFileReference; fileEncoding = 4; lastKnownFileType = sourcecode.cpp.cpp; name = Fifths.cpp; path = src/ton/Fifths.cpp; sourceTree = "<group>"; };
		43ABA503292423E8002AC1D4 /* Enharmonic.hpp */ = {isa = PBXFileReference; fileEncoding = 4; lastKnownFileType = sourcecode.cpp.h; name = Enharmonic.hpp; path = src/pitch/Enharmonic.hpp; sourceTree = "<group>"; };
		43ABA505292423E8002AC1D4 /* Accidental.cpp */ = {isa = PBXFileReference; fileEncoding = 4; lastKnownFileType = sourcecode.cpp.cpp; name = Accidental.cpp; path = src/pitch/Accidental.cpp; sourceTree = "<group>"; };
		43ABA506292423E8002AC1D4 /* Ton.hpp */ = {isa = PBXFileReference; fileEncoding = 4; lastKnownFileType = sourcecode.cpp.h; name = Ton.hpp; path = src/ton/Ton.hpp; sourceTree = "<group>"; };
		43ABA507292423E8002AC1D4 /* Enharmonic.cpp */ = {isa = PBXFileReference; fileEncoding = 4; lastKnownFileType = sourcecode.cpp.cpp; name = Enharmonic.cpp; path = src/pitch/Enharmonic.cpp; sourceTree = "<group>"; };
		43ABA51329242417002AC1D4 /* PSBag.cpp */ = {isa = PBXFileReference; fileEncoding = 4; lastKnownFileType = sourcecode.cpp.cpp; name = PSBag.cpp; path = src/spell/PSBag.cpp; sourceTree = "<group>"; };
		43ABA51429242417002AC1D4 /* PSVector.hpp */ = {isa = PBXFileReference; fileEncoding = 4; lastKnownFileType = sourcecode.cpp.h; name = PSVector.hpp; path = src/spell/PSVector.hpp; sourceTree = "<group>"; };
		43ABA51529242417002AC1D4 /* PSVector.cpp */ = {isa = PBXFileReference; fileEncoding = 4; lastKnownFileType = sourcecode.cpp.cpp; name = PSVector.cpp; path = src/spell/PSVector.cpp; sourceTree = "<group>"; };
		43ABA51629242417002AC1D4 /* PSPath.cpp */ = {isa = PBXFileReference; fileEncoding = 4; lastKnownFileType = sourcecode.cpp.cpp; name = PSPath.cpp; path = src/spell/PSPath.cpp; sourceTree = "<group>"; };
		43ABA51729242417002AC1D4 /* PSConfig.cpp */ = {isa = PBXFileReference; fileEncoding = 4; lastKnownFileType = sourcecode.cpp.cpp; name = PSConfig.cpp; path = src/spell/PSConfig.cpp; sourceTree = "<group>"; };
		43ABA51929242417002AC1D4 /* PSState.hpp */ = {isa = PBXFileReference; fileEncoding = 4; lastKnownFileType = sourcecode.cpp.h; name = PSState.hpp; path = src/spell/PSState.hpp; sourceTree = "<group>"; };
		43ABA51A29242417002AC1D4 /* PSBag.hpp */ = {isa = PBXFileReference; fileEncoding = 4; lastKnownFileType = sourcecode.cpp.h; name = PSBag.hpp; path = src/spell/PSBag.hpp; sourceTree = "<group>"; };
		43ABA51B29242418002AC1D4 /* PSConfig.hpp */ = {isa = PBXFileReference; fileEncoding = 4; lastKnownFileType = sourcecode.cpp.h; name = PSConfig.hpp; path = src/spell/PSConfig.hpp; sourceTree = "<group>"; };
		43ABA51C29242418002AC1D4 /* PSPath.hpp */ = {isa = PBXFileReference; fileEncoding = 4; lastKnownFileType = sourcecode.cpp.h; name = PSPath.hpp; path = src/spell/PSPath.hpp; sourceTree = "<group>"; };
		43ABA51E29242418002AC1D4 /* PSState.cpp */ = {isa = PBXFileReference; fileEncoding = 4; lastKnownFileType = sourcecode.cpp.cpp; name = PSState.cpp; path = src/spell/PSState.cpp; sourceTree = "<group>"; };
		43ABA51F29242418002AC1D4 /* PSTable.cpp */ = {isa = PBXFileReference; fileEncoding = 4; lastKnownFileType = sourcecode.cpp.cpp; name = PSTable.cpp; path = src/spell/PSTable.cpp; sourceTree = "<group>"; };
		43ABA52029242418002AC1D4 /* PSConfig0.hpp */ = {isa = PBXFileReference; fileEncoding = 4; lastKnownFileType = sourcecode.cpp.h; name = PSConfig0.hpp; path = src/spell/PSConfig0.hpp; sourceTree = "<group>"; };
		43ABA52129242418002AC1D4 /* PSConfig0.cpp */ = {isa = PBXFileReference; fileEncoding = 4; lastKnownFileType = sourcecode.cpp.cpp; name = PSConfig0.cpp; path = src/spell/PSConfig0.cpp; sourceTree = "<group>"; };
		43ABA52229242418002AC1D4 /* PSTable.hpp */ = {isa = PBXFileReference; fileEncoding = 4; lastKnownFileType = sourcecode.cpp.h; name = PSTable.hpp; path = src/spell/PSTable.hpp; sourceTree = "<group>"; };
		43ABA53D292425AD002AC1D4 /* spdlog */ = {isa = PBXFileReference; lastKnownFileType = folder; name = spdlog; path = extern/spdlog; sourceTree = "<group>"; };
		43C2BA0E299946150084AB3B /* Interval.cpp */ = {isa = PBXFileReference; lastKnownFileType = sourcecode.cpp.cpp; name = Interval.cpp; path = src/interval/Interval.cpp; sourceTree = "<group>"; };
		43C2BA0F299946150084AB3B /* Interval.hpp */ = {isa = PBXFileReference; lastKnownFileType = sourcecode.cpp.h; name = Interval.hpp; path = src/interval/Interval.hpp; sourceTree = "<group>"; };
		43C2BA1329994F630084AB3B /* Pitch.hpp */ = {isa = PBXFileReference; fileEncoding = 4; lastKnownFileType = sourcecode.cpp.h; name = Pitch.hpp; path = src/pitch/Pitch.hpp; sourceTree = "<group>"; };
		43C2BA1429994F630084AB3B /* Pitch.cpp */ = {isa = PBXFileReference; fileEncoding = 4; lastKnownFileType = sourcecode.cpp.cpp; name = Pitch.cpp; path = src/pitch/Pitch.cpp; sourceTree = "<group>"; };
		43C2BA182999529E0084AB3B /* PWO.cpp */ = {isa = PBXFileReference; lastKnownFileType = sourcecode.cpp.cpp; name = PWO.cpp; path = src/pitch/PWO.cpp; sourceTree = "<group>"; };
		43C2BA1B299A5FEE0084AB3B /* IntervalSimple.cpp */ = {isa = PBXFileReference; lastKnownFileType = sourcecode.cpp.cpp; name = IntervalSimple.cpp; path = src/interval/IntervalSimple.cpp; sourceTree = "<group>"; };
		43C2BA1C299A5FEE0084AB3B /* IntervalSimple.hpp */ = {isa = PBXFileReference; lastKnownFileType = sourcecode.cpp.h; name = IntervalSimple.hpp; path = src/interval/IntervalSimple.hpp; sourceTree = "<group>"; };
		43D8A9EF29AFA16B00B260DA /* PSOrder.cpp */ = {isa = PBXFileReference; fileEncoding = 4; lastKnownFileType = sourcecode.cpp.cpp; name = PSOrder.cpp; path = src/spell/PSOrder.cpp; sourceTree = "<group>"; };
		43DD95472945E223006DC553 /* PSCost.cpp */ = {isa = PBXFileReference; lastKnownFileType = sourcecode.cpp.cpp; name = PSCost.cpp; path = src/spell/PSCost.cpp; sourceTree = "<group>"; };
		43DD95482945E223006DC553 /* PSCost.hpp */ = {isa = PBXFileReference; lastKnownFileType = sourcecode.cpp.h; name = PSCost.hpp; path = src/spell/PSCost.hpp; sourceTree = "<group>"; };
		43F9BE6229CC423E00B0A7F8 /* ModeName.cpp */ = {isa = PBXFileReference; lastKnownFileType = sourcecode.cpp.cpp; path = ModeName.cpp; sourceTree = "<group>"; };
		43F9BE6329CC423E00B0A7F8 /* ModeName.hpp */ = {isa = PBXFileReference; lastKnownFileType = sourcecode.cpp.h; path = ModeName.hpp; sourceTree = "<group>"; };
		43F9BE6729CC696C00B0A7F8 /* Mode.cpp */ = {isa = PBXFileReference; lastKnownFileType = sourcecode.cpp.cpp; path = Mode.cpp; sourceTree = "<group>"; };
		43F9BE6829CC696C00B0A7F8 /* Mode.hpp */ = {isa = PBXFileReference; lastKnownFileType = sourcecode.cpp.h; path = Mode.hpp; sourceTree = "<group>"; };
		43F9BE6C29CC7DB000B0A7F8 /* ModeFactory.cpp */ = {isa = PBXFileReference; lastKnownFileType = sourcecode.cpp.cpp; path = ModeFactory.cpp; sourceTree = "<group>"; };
		43F9BE6D29CC7DB000B0A7F8 /* ModeFactory.hpp */ = {isa = PBXFileReference; lastKnownFileType = sourcecode.cpp.h; path = ModeFactory.hpp; sourceTree = "<group>"; };
		43FBEAB52930CB16008FC486 /* debugpse.cpp */ = {isa = PBXFileReference; lastKnownFileType = sourcecode.cpp.cpp; name = debugpse.cpp; path = src/targets/debugpse.cpp; sourceTree = "<group>"; };
		43FBEABD2930CD21008FC486 /* debugpse */ = {isa = PBXFileReference; explicitFileType = "compiled.mach-o.executable"; includeInIndex = 0; path = debugpse; sourceTree = BUILT_PRODUCTS_DIR; };
/* End PBXFileReference section */

/* Begin PBXFrameworksBuildPhase section */
		435081D029D6C09A00465943 /* Frameworks */ = {
			isa = PBXFrameworksBuildPhase;
			buildActionMask = 2147483647;
			files = (
				435081EA29D6CFF800465943 /* libgtest_main.a in Frameworks */,
				435081E929D6CFE300465943 /* libgtest.a in Frameworks */,
			);
			runOnlyForDeploymentPostprocessing = 0;
		};
		436C6C3B2924016F00152D8C /* Frameworks */ = {
			isa = PBXFrameworksBuildPhase;
			buildActionMask = 2147483647;
			files = (
			);
			runOnlyForDeploymentPostprocessing = 0;
		};
		43FBEABA2930CD21008FC486 /* Frameworks */ = {
			isa = PBXFrameworksBuildPhase;
			buildActionMask = 2147483647;
			files = (
			);
			runOnlyForDeploymentPostprocessing = 0;
		};
/* End PBXFrameworksBuildPhase section */

/* Begin PBXGroup section */
		4310526429CDAE2400694D5A /* scale */ = {
			isa = PBXGroup;
			children = (
				43F9BE6329CC423E00B0A7F8 /* ModeName.hpp */,
				43F9BE6229CC423E00B0A7F8 /* ModeName.cpp */,
				43F9BE6829CC696C00B0A7F8 /* Mode.hpp */,
				43F9BE6729CC696C00B0A7F8 /* Mode.cpp */,
				43F9BE6D29CC7DB000B0A7F8 /* ModeFactory.hpp */,
				43F9BE6C29CC7DB000B0A7F8 /* ModeFactory.cpp */,
				4310526629CDD15000694D5A /* Scale.hpp */,
				4310526529CDD15000694D5A /* Scale.cpp */,
			);
			name = scale;
			path = src/scale;
			sourceTree = "<group>";
		};
		431586182983E65A00918B1B /* ton */ = {
			isa = PBXGroup;
			children = (
				43ABA500292423E8002AC1D4 /* Fifths.hpp */,
				43ABA502292423E8002AC1D4 /* Fifths.cpp */,
				430CDFF02924E6D700A84650 /* KeyFifth.hpp */,
				430CDFEF2924E6D700A84650 /* KeyFifth.cpp */,
				43ABA506292423E8002AC1D4 /* Ton.hpp */,
				43ABA4FF292423E8002AC1D4 /* Ton.cpp */,
				435406A329A8D4BB0075B3B7 /* TonIndex.hpp */,
				435406A229A8D4BB0075B3B7 /* TonIndex.cpp */,
				432657E2294E2FB100515080 /* Weber.hpp */,
				432657E1294E2FB000515080 /* Weber.cpp */,
			);
			name = ton;
			sourceTree = "<group>";
		};
		431586192983E6BF00918B1B /* spell */ = {
			isa = PBXGroup;
			children = (
				4315861A2983E7FB00918B1B /* import */,
				43ABA51929242417002AC1D4 /* PSState.hpp */,
				43ABA51E29242418002AC1D4 /* PSState.cpp */,
				43DD95482945E223006DC553 /* PSCost.hpp */,
				43DD95472945E223006DC553 /* PSCost.cpp */,
				43ABA52029242418002AC1D4 /* PSConfig0.hpp */,
				43ABA52129242418002AC1D4 /* PSConfig0.cpp */,
				43ABA51B29242418002AC1D4 /* PSConfig.hpp */,
				43ABA51729242417002AC1D4 /* PSConfig.cpp */,
				434B1DF5298ECCF0001CE41C /* PSConfig1.hpp */,
				434B1DF6298ECCF0001CE41C /* PSConfig1.cpp */,
				434B1DFB298ED394001CE41C /* PSConfig2.hpp */,
				434B1DFA298ED394001CE41C /* PSConfig2.cpp */,
				4397A5DC29A6CDB300C2CC9A /* PSOrder.hpp */,
				43D8A9EF29AFA16B00B260DA /* PSOrder.cpp */,
				43ABA51A29242417002AC1D4 /* PSBag.hpp */,
				43ABA51329242417002AC1D4 /* PSBag.cpp */,
				43ABA51429242417002AC1D4 /* PSVector.hpp */,
				43ABA51529242417002AC1D4 /* PSVector.cpp */,
				43ABA52229242418002AC1D4 /* PSTable.hpp */,
				43ABA51F29242418002AC1D4 /* PSTable.cpp */,
				43ABA51C29242418002AC1D4 /* PSPath.hpp */,
				43ABA51629242417002AC1D4 /* PSPath.cpp */,
			);
			name = spell;
			sourceTree = "<group>";
		};
		4315861A2983E7FB00918B1B /* import */ = {
			isa = PBXGroup;
			children = (
				4315862E2983E89B00918B1B /* PSEnum.hpp */,
				4315862B2983E89B00918B1B /* PSEnum.cpp */,
				434B1E00298FD4FE001CE41C /* PSChord.hpp */,
				434B1DFF298FD4FE001CE41C /* PSChord.cpp */,
				4315862C2983E89B00918B1B /* PSM21Enum.hpp */,
				4315862F2983E89B00918B1B /* PSM21Enum.cpp */,
				431586292983E89B00918B1B /* PSRawEnum.hpp */,
				4315862D2983E89B00918B1B /* PSRawEnum.cpp */,
				431586302983E89B00918B1B /* PSNoteEnum.hpp */,
				4315862A2983E89B00918B1B /* PSNoteEnum.cpp */,
			);
			name = import;
			sourceTree = "<group>";
		};
		4315861B2983E80400918B1B /* Spiral */ = {
			isa = PBXGroup;
			children = (
				435406A029A8D3530075B3B7 /* README.md */,
				431586222983E86E00918B1B /* InputSegmentSpiral.hpp */,
				431586232983E86E00918B1B /* InputSegmentSpiral.cpp */,
				431586212983E86E00918B1B /* Spiral.hpp */,
				431586242983E86E00918B1B /* Spiral.cpp */,
			);
			name = Spiral;
			sourceTree = "<group>";
		};
		4315861C2983E82300918B1B /* KrumhanslSchmuckler */ = {
			isa = PBXGroup;
			children = (
				435406A129A8D4050075B3B7 /* README.md */,
				4315861D2983E84D00918B1B /* KeyFind.hpp */,
				4315861E2983E84D00918B1B /* KeyFind.cpp */,
			);
			name = KrumhanslSchmuckler;
			sourceTree = "<group>";
		};
		432E7A5129D45F78000E2B72 /* test */ = {
			isa = PBXGroup;
			children = (
				432E7A5729D4946F000E2B72 /* unit */,
			);
			path = test;
			sourceTree = "<group>";
		};
		432E7A5729D4946F000E2B72 /* unit */ = {
			isa = PBXGroup;
			children = (
				432E7A5829D494AE000E2B72 /* README.md */,
				435081DC29D6C93000465943 /* CMakeLists.txt */,
				435081DD29D6C93000465943 /* unit_test.cpp */,
				4350820229D6E3AB00465943 /* TestNoteName.cpp */,
				43791C8D29D8392200DE8796 /* TestAccidental.cpp */,
				4350820729D7032B00465943 /* TestMidiNum.cpp */,
				43316FFF29DD934E00BA534D /* TestEnharmonic.cpp */,
				4350820429D6FDA100465943 /* TestMode.cpp */,
				435081CE29D6C04600465943 /* TestScale.cpp */,
			);
			path = unit;
			sourceTree = "<group>";
		};
		434D5CFC299FCFD900AEB02F /* interval */ = {
			isa = PBXGroup;
			children = (
				43C2BA1C299A5FEE0084AB3B /* IntervalSimple.hpp */,
				43C2BA1B299A5FEE0084AB3B /* IntervalSimple.cpp */,
				43C2BA0F299946150084AB3B /* Interval.hpp */,
				43C2BA0E299946150084AB3B /* Interval.cpp */,
			);
			name = interval;
			sourceTree = "<group>";
		};
		434D5CFD299FCFF100AEB02F /* chord */ = {
			isa = PBXGroup;
			children = (
				4354069F29A8D2F90075B3B7 /* README.md */,
			);
			name = chord;
			sourceTree = "<group>";
		};
		435081E429D6CFA800465943 /* Frameworks */ = {
			isa = PBXGroup;
			children = (
				435081E829D6CFCD00465943 /* libgtest_main.a */,
				435081E729D6CFCD00465943 /* libgtest.a */,
			);
			name = Frameworks;
			sourceTree = "<group>";
		};
		4363442B29D31D3500F5D628 /* PS13 */ = {
			isa = PBXGroup;
			children = (
				4363442C29D31D8700F5D628 /* README.md */,
				432E7A5329D45FE2000E2B72 /* PS13.hpp */,
				432E7A5229D45FE2000E2B72 /* PS13.cpp */,
			);
			name = PS13;
			path = src/PS13;
			sourceTree = "<group>";
		};
		436C6C342924016E00152D8C = {
			isa = PBXGroup;
			children = (
				431586172983E57F00918B1B /* README.md */,
				4342FD1A2926B925004E914F /* CMakeLists.txt */,
				43A2544A292CC61100D559D2 /* Makefile */,
				432E7A5129D45F78000E2B72 /* test */,
				436C6C4B292401BC00152D8C /* sources */,
				436C6C3E2924016F00152D8C /* Products */,
				435081E429D6CFA800465943 /* Frameworks */,
			);
			sourceTree = "<group>";
		};
		436C6C3E2924016F00152D8C /* Products */ = {
			isa = PBXGroup;
			children = (
				436C6C3D2924016F00152D8C /* pse.cpython-310-darwin.so */,
				43FBEABD2930CD21008FC486 /* debugpse */,
				435081D329D6C09A00465943 /* testpse */,
			);
			name = Products;
			sourceTree = "<group>";
		};
		436C6C4B292401BC00152D8C /* sources */ = {
			isa = PBXGroup;
			children = (
				43A25449292CC61100D559D2 /* README.md */,
				436C6C9729240D8300152D8C /* extern */,
				436C6C8E2924032000152D8C /* pybind */,
				43A25448292BD4FE00D559D2 /* general */,
				43A2543929280A6600D559D2 /* pitch */,
				434D5CFC299FCFD900AEB02F /* interval */,
				434D5CFD299FCFF100AEB02F /* chord */,
				4310526429CDAE2400694D5A /* scale */,
				431586182983E65A00918B1B /* ton */,
				431586192983E6BF00918B1B /* spell */,
				4363442B29D31D3500F5D628 /* PS13 */,
				43947CFF29D97299008EB20A /* PS14 */,
				4315861B2983E80400918B1B /* Spiral */,
				4315861C2983E82300918B1B /* KrumhanslSchmuckler */,
			);
			name = sources;
			sourceTree = "<group>";
		};
		436C6C8E2924032000152D8C /* pybind */ = {
			isa = PBXGroup;
			children = (
				43A25446292B7D7E00D559D2 /* exemple.cpp */,
				43FBEAB52930CB16008FC486 /* debugpse.cpp */,
				4342FD1729268C78004E914F /* pypse.hpp */,
				4342FD1629268C78004E914F /* pypse.cpp */,
				432E7A4D29D427FD000E2B72 /* PSE.hpp */,
				432E7A4C29D427FD000E2B72 /* PSE.cpp */,
			);
			name = pybind;
			sourceTree = "<group>";
		};
		436C6C9729240D8300152D8C /* extern */ = {
			isa = PBXGroup;
			children = (
				435081DB29D6C53D00465943 /* README.md */,
				43ABA53D292425AD002AC1D4 /* spdlog */,
			);
			name = extern;
			sourceTree = "<group>";
		};
		43947CFF29D97299008EB20A /* PS14 */ = {
			isa = PBXGroup;
			children = (
				43947D0029D972AF008EB20A /* README.md */,
			);
			name = PS14;
			sourceTree = "<group>";
		};
		43A2543929280A6600D559D2 /* pitch */ = {
			isa = PBXGroup;
			children = (
				436C6C4D2924023100152D8C /* NoteName.hpp */,
				43ABA4FD292423C5002AC1D4 /* NoteName.cpp */,
				43ABA501292423E8002AC1D4 /* Accidental.hpp */,
				43ABA505292423E8002AC1D4 /* Accidental.cpp */,
				4342FD132926789C004E914F /* MidiNum.hpp */,
				4342FD1129267895004E914F /* MidiNum.cpp */,
				43ABA503292423E8002AC1D4 /* Enharmonic.hpp */,
				43ABA507292423E8002AC1D4 /* Enharmonic.cpp */,
				4342FD0F2926781E004E914F /* PWO.hpp */,
				43C2BA182999529E0084AB3B /* PWO.cpp */,
				43C2BA1329994F630084AB3B /* Pitch.hpp */,
				43C2BA1429994F630084AB3B /* Pitch.cpp */,
			);
			name = pitch;
			sourceTree = "<group>";
		};
		43A25448292BD4FE00D559D2 /* general */ = {
			isa = PBXGroup;
			children = (
				43A2544329280E1600D559D2 /* config.h */,
				43A2543F29280D8900D559D2 /* trace.hpp */,
				43A2543E29280D8900D559D2 /* trace.cpp */,
				432EF6AC292D405400C620CF /* Speller.hpp */,
				432EF6AB292D405400C620CF /* Speller.cpp */,
			);
			name = general;
			sourceTree = "<group>";
		};
/* End PBXGroup section */

/* Begin PBXHeadersBuildPhase section */
		436C6C392924016F00152D8C /* Headers */ = {
			isa = PBXHeadersBuildPhase;
			buildActionMask = 2147483647;
			files = (
				43A2544529280E1600D559D2 /* config.h in Headers */,
				43A2544129280D8900D559D2 /* trace.hpp in Headers */,
				431586392983ED5B00918B1B /* NoteName.hpp in Headers */,
				43F9BE6B29CC696C00B0A7F8 /* Mode.hpp in Headers */,
				43ABA50B292423E8002AC1D4 /* Accidental.hpp in Headers */,
				43F9BE6629CC423E00B0A7F8 /* ModeName.hpp in Headers */,
				4342FD142926789C004E914F /* MidiNum.hpp in Headers */,
				43F9BE7029CC7DB000B0A7F8 /* ModeFactory.hpp in Headers */,
				43ABA50D292423E8002AC1D4 /* Enharmonic.hpp in Headers */,
				43ABA50A292423E8002AC1D4 /* Fifths.hpp in Headers */,
				43C2BA12299946150084AB3B /* Interval.hpp in Headers */,
				4342FD102926781E004E914F /* PWO.hpp in Headers */,
				43C2BA1529994F630084AB3B /* Pitch.hpp in Headers */,
				4310526929CDD15000694D5A /* Scale.hpp in Headers */,
				432E7A5629D45FE2000E2B72 /* PS13.hpp in Headers */,
				430CDFF22924E6D800A84650 /* KeyFifth.hpp in Headers */,
				43ABA510292423E8002AC1D4 /* Ton.hpp in Headers */,
				432657E5294E2FB100515080 /* Weber.hpp in Headers */,
				43ABA52929242418002AC1D4 /* PSState.hpp in Headers */,
				43DD954B2945E223006DC553 /* PSCost.hpp in Headers */,
				43ABA53029242418002AC1D4 /* PSConfig0.hpp in Headers */,
				43ABA52B29242418002AC1D4 /* PSConfig.hpp in Headers */,
				43316F2429AA73DC000160EA /* TonIndex.hpp in Headers */,
				43ABA52A29242418002AC1D4 /* PSBag.hpp in Headers */,
				4397A5DE29A6CDB300C2CC9A /* PSOrder.hpp in Headers */,
				434B1DFE298ED394001CE41C /* PSConfig2.hpp in Headers */,
				43ABA52429242418002AC1D4 /* PSVector.hpp in Headers */,
				43ABA53229242418002AC1D4 /* PSTable.hpp in Headers */,
				43ABA52C29242418002AC1D4 /* PSPath.hpp in Headers */,
				431586362983E89B00918B1B /* PSEnum.hpp in Headers */,
				431586342983E89B00918B1B /* PSM21Enum.hpp in Headers */,
				434B1E03298FD4FE001CE41C /* PSChord.hpp in Headers */,
				4315863A2983EDD900918B1B /* PSRawEnum.hpp in Headers */,
				431586382983E89B00918B1B /* PSNoteEnum.hpp in Headers */,
				4342FD1929268C78004E914F /* pypse.hpp in Headers */,
			);
			runOnlyForDeploymentPostprocessing = 0;
		};
/* End PBXHeadersBuildPhase section */

/* Begin PBXNativeTarget section */
		435081D229D6C09A00465943 /* testpse */ = {
			isa = PBXNativeTarget;
			buildConfigurationList = 435081D729D6C09A00465943 /* Build configuration list for PBXNativeTarget "testpse" */;
			buildPhases = (
				435081CF29D6C09A00465943 /* Sources */,
				435081D029D6C09A00465943 /* Frameworks */,
				435081D129D6C09A00465943 /* CopyFiles */,
			);
			buildRules = (
			);
			dependencies = (
			);
			name = testpse;
			productName = test;
			productReference = 435081D329D6C09A00465943 /* testpse */;
			productType = "com.apple.product-type.tool";
		};
		436C6C3C2924016F00152D8C /* pse */ = {
			isa = PBXNativeTarget;
			buildConfigurationList = 436C6C482924016F00152D8C /* Build configuration list for PBXNativeTarget "pse" */;
			buildPhases = (
				436C6C392924016F00152D8C /* Headers */,
				436C6C3A2924016F00152D8C /* Sources */,
				436C6C3B2924016F00152D8C /* Frameworks */,
			);
			buildRules = (
			);
			dependencies = (
			);
			name = pse;
			productName = pse;
			productReference = 436C6C3D2924016F00152D8C /* pse.cpython-310-darwin.so */;
			productType = "com.apple.product-type.library.dynamic";
		};
		43FBEABC2930CD21008FC486 /* debugpse */ = {
			isa = PBXNativeTarget;
			buildConfigurationList = 43FBEAC12930CD22008FC486 /* Build configuration list for PBXNativeTarget "debugpse" */;
			buildPhases = (
				43FBEAB92930CD21008FC486 /* Sources */,
				43FBEABA2930CD21008FC486 /* Frameworks */,
				43FBEABB2930CD21008FC486 /* CopyFiles */,
			);
			buildRules = (
			);
			dependencies = (
			);
			name = debugpse;
			productName = debugpse;
			productReference = 43FBEABD2930CD21008FC486 /* debugpse */;
			productType = "com.apple.product-type.tool";
		};
/* End PBXNativeTarget section */

/* Begin PBXProject section */
		436C6C352924016F00152D8C /* Project object */ = {
			isa = PBXProject;
			attributes = {
				BuildIndependentTargetsInParallel = 1;
				LastUpgradeCheck = 1420;
				TargetAttributes = {
					435081D229D6C09A00465943 = {
						CreatedOnToolsVersion = 14.2;
					};
					436C6C3C2924016F00152D8C = {
						CreatedOnToolsVersion = 14.1;
					};
					43FBEABC2930CD21008FC486 = {
						CreatedOnToolsVersion = 14.1;
					};
				};
			};
			buildConfigurationList = 436C6C382924016F00152D8C /* Build configuration list for PBXProject "pse" */;
			compatibilityVersion = "Xcode 14.0";
			developmentRegion = en;
			hasScannedForEncodings = 0;
			knownRegions = (
				en,
				Base,
			);
			mainGroup = 436C6C342924016E00152D8C;
			productRefGroup = 436C6C3E2924016F00152D8C /* Products */;
			projectDirPath = "";
			projectRoot = "";
			targets = (
				436C6C3C2924016F00152D8C /* pse */,
				43FBEABC2930CD21008FC486 /* debugpse */,
				435081D229D6C09A00465943 /* testpse */,
			);
		};
/* End PBXProject section */

/* Begin PBXSourcesBuildPhase section */
		435081CF29D6C09A00465943 /* Sources */ = {
			isa = PBXSourcesBuildPhase;
			buildActionMask = 2147483647;
			files = (
				4350820329D6E3AB00465943 /* TestNoteName.cpp in Sources */,
				435081EE29D6D75600465943 /* Scale.cpp in Sources */,
				435081EB29D6D74800465943 /* Ton.cpp in Sources */,
				435081FC29D6D7E300465943 /* Weber.cpp in Sources */,
				435081F229D6D76500465943 /* PWO.cpp in Sources */,
				435081F429D6D76C00465943 /* MidiNum.cpp in Sources */,
				43791C8F29D83EE400DE8796 /* TestScale.cpp in Sources */,
				43791C8E29D8392200DE8796 /* TestAccidental.cpp in Sources */,
				435081ED29D6D75100465943 /* Fifths.cpp in Sources */,
				435081FD29D6D7F600465943 /* Interval.cpp in Sources */,
				4350820829D7032B00465943 /* TestMidiNum.cpp in Sources */,
				435081FE29D6D7F900465943 /* IntervalSimple.cpp in Sources */,
				435081F729D6D78000465943 /* PSEnum.cpp in Sources */,
				4350820529D6FDA100465943 /* TestMode.cpp in Sources */,
				435081F129D6D76100465943 /* Pitch.cpp in Sources */,
				435081F029D6D75D00465943 /* ModeName.cpp in Sources */,
				435081FF29D6D80B00465943 /* Speller.cpp in Sources */,
				435081F329D6D76800465943 /* Enharmonic.cpp in Sources */,
				435081FB29D6D7DF00465943 /* TonIndex.cpp in Sources */,
				435081DF29D6C96800465943 /* unit_test.cpp in Sources */,
				4350820129D6D85100465943 /* trace.cpp in Sources */,
				435081EF29D6D75A00465943 /* Mode.cpp in Sources */,
				435081EC29D6D74E00465943 /* KeyFifth.cpp in Sources */,
				435081FA29D6D78900465943 /* PSRawEnum.cpp in Sources */,
				435081F629D6D77200465943 /* NoteName.cpp in Sources */,
				435081F529D6D76F00465943 /* Accidental.cpp in Sources */,
				435081F829D6D78200465943 /* PSChord.cpp in Sources */,
				4331700029DD934E00BA534D /* TestEnharmonic.cpp in Sources */,
			);
			runOnlyForDeploymentPostprocessing = 0;
		};
		436C6C3A2924016F00152D8C /* Sources */ = {
			isa = PBXSourcesBuildPhase;
			buildActionMask = 2147483647;
			files = (
				43A2544029280D8900D559D2 /* trace.cpp in Sources */,
				43ABA4FE292423C5002AC1D4 /* NoteName.cpp in Sources */,
				43ABA50F292423E8002AC1D4 /* Accidental.cpp in Sources */,
				43F9BE6429CC423E00B0A7F8 /* ModeName.cpp in Sources */,
				4342FD1229267895004E914F /* MidiNum.cpp in Sources */,
				43ABA511292423E8002AC1D4 /* Enharmonic.cpp in Sources */,
				43ABA50C292423E8002AC1D4 /* Fifths.cpp in Sources */,
				43C2BA192999529E0084AB3B /* PWO.cpp in Sources */,
				430CDFF12924E6D800A84650 /* KeyFifth.cpp in Sources */,
				43F9BE6929CC696C00B0A7F8 /* Mode.cpp in Sources */,
				43ABA509292423E8002AC1D4 /* Ton.cpp in Sources */,
				43316F2329AA73D8000160EA /* TonIndex.cpp in Sources */,
				432E7A4E29D427FD000E2B72 /* PSE.cpp in Sources */,
				434B1DF8298ECCF1001CE41C /* PSConfig1.cpp in Sources */,
				432657E3294E2FB100515080 /* Weber.cpp in Sources */,
				43ABA52E29242418002AC1D4 /* PSState.cpp in Sources */,
				4310526729CDD15000694D5A /* Scale.cpp in Sources */,
				43DD95492945E223006DC553 /* PSCost.cpp in Sources */,
				43ABA53129242418002AC1D4 /* PSConfig0.cpp in Sources */,
				432E7A5429D45FE2000E2B72 /* PS13.cpp in Sources */,
				43C2BA1D299A5FEE0084AB3B /* IntervalSimple.cpp in Sources */,
				43ABA52729242418002AC1D4 /* PSConfig.cpp in Sources */,
				43C2BA1629994F630084AB3B /* Pitch.cpp in Sources */,
				43ABA52329242418002AC1D4 /* PSBag.cpp in Sources */,
				43ABA52529242418002AC1D4 /* PSVector.cpp in Sources */,
				43C2BA10299946150084AB3B /* Interval.cpp in Sources */,
				434B1E01298FD4FE001CE41C /* PSChord.cpp in Sources */,
				43ABA52F29242418002AC1D4 /* PSTable.cpp in Sources */,
				434B1DFC298ED394001CE41C /* PSConfig2.cpp in Sources */,
				43ABA52629242418002AC1D4 /* PSPath.cpp in Sources */,
				431586332983E89B00918B1B /* PSEnum.cpp in Sources */,
				431586352983E89B00918B1B /* PSRawEnum.cpp in Sources */,
				43F9BE6E29CC7DB000B0A7F8 /* ModeFactory.cpp in Sources */,
				432EF6AD292D405400C620CF /* Speller.cpp in Sources */,
				43B4939B2948D9F9006435B1 /* pypse.cpp in Sources */,
			);
			runOnlyForDeploymentPostprocessing = 0;
		};
		43FBEAB92930CD21008FC486 /* Sources */ = {
			isa = PBXSourcesBuildPhase;
			buildActionMask = 2147483647;
			files = (
				434B1DFD298ED394001CE41C /* PSConfig2.cpp in Sources */,
				43FBEAC62930CEDD008FC486 /* trace.cpp in Sources */,
				43FBEAC72930CEDD008FC486 /* NoteName.cpp in Sources */,
				43F9BE6529CC423E00B0A7F8 /* ModeName.cpp in Sources */,
				43FBEAC82930CEDD008FC486 /* Accidental.cpp in Sources */,
				43FBEAC92930CEDD008FC486 /* MidiNum.cpp in Sources */,
				43FBEACA2930CEDD008FC486 /* Enharmonic.cpp in Sources */,
				43C2BA1A2999529E0084AB3B /* PWO.cpp in Sources */,
				43FBEACB2930CEDD008FC486 /* Fifths.cpp in Sources */,
				43F9BE6A29CC696C00B0A7F8 /* Mode.cpp in Sources */,
				434B1E02298FD4FE001CE41C /* PSChord.cpp in Sources */,
				43316F2229AA73D7000160EA /* TonIndex.cpp in Sources */,
				432E7A4F29D427FD000E2B72 /* PSE.cpp in Sources */,
				43FBEACC2930CEDD008FC486 /* KeyFifth.cpp in Sources */,
				43FBEACD2930CEDD008FC486 /* Ton.cpp in Sources */,
				434B1DF9298ED0A0001CE41C /* PSConfig1.cpp in Sources */,
				4310526829CDD15000694D5A /* Scale.cpp in Sources */,
				432657E4294E2FB100515080 /* Weber.cpp in Sources */,
				43FBEACE2930CEDD008FC486 /* PSState.cpp in Sources */,
				432E7A5529D45FE2000E2B72 /* PS13.cpp in Sources */,
				43C2BA1E299A5FEE0084AB3B /* IntervalSimple.cpp in Sources */,
				43DD954A2945E223006DC553 /* PSCost.cpp in Sources */,
				43C2BA1729994F630084AB3B /* Pitch.cpp in Sources */,
				43FBEACF2930CEDD008FC486 /* PSConfig0.cpp in Sources */,
				43FBEAD02930CEDD008FC486 /* PSConfig.cpp in Sources */,
				43C2BA11299946150084AB3B /* Interval.cpp in Sources */,
				43FBEAD12930CEDD008FC486 /* PSBag.cpp in Sources */,
				43FBEAD22930CEDD008FC486 /* PSVector.cpp in Sources */,
				43FBEAD32930CEDD008FC486 /* PSTable.cpp in Sources */,
				43FBEAD42930CEDD008FC486 /* PSPath.cpp in Sources */,
				4315863B2983F15400918B1B /* PSEnum.cpp in Sources */,
				4315863D2983F15400918B1B /* PSRawEnum.cpp in Sources */,
				43F9BE6F29CC7DB000B0A7F8 /* ModeFactory.cpp in Sources */,
				43FBEAC52930CEDD008FC486 /* Speller.cpp in Sources */,
				43FBEAC42930CEDD008FC486 /* debugpse.cpp in Sources */,
			);
			runOnlyForDeploymentPostprocessing = 0;
		};
/* End PBXSourcesBuildPhase section */

/* Begin XCBuildConfiguration section */
		435081D829D6C09A00465943 /* Debug */ = {
			isa = XCBuildConfiguration;
			buildSettings = {
				CODE_SIGN_STYLE = Automatic;
				DEVELOPMENT_TEAM = DYPCUZH3W2;
				ENABLE_HARDENED_RUNTIME = YES;
				GCC_PREPROCESSOR_DEFINITIONS = (
					"PLATFORM_DARWIN=1",
					"PLATFORM_LINUX=2",
					"PLATFORM_FREEBSD=3",
					"PLATFORM_CYGWIN=4",
					"PSE_PLATFORM=PLATFORM_DARWIN",
					"$(inherited)",
				);
				LIBRARY_SEARCH_PATHS = (
					"$(inherited)",
					"$(PROJECT_DIR)/extern/googletest/build/lib",
				);
				MACOSX_DEPLOYMENT_TARGET = 13.1;
				PRODUCT_NAME = "$(TARGET_NAME)";
				SYSTEM_HEADER_SEARCH_PATHS = (
					"$(LOCAL_LIBRARY_DIR)/Frameworks/Python.framework/Headers",
					extern/spdlog/include,
				);
				USER_HEADER_SEARCH_PATHS = (
					include,
					extern/pybind11/include,
					extern/spdlog/include,
					extern/googletest/googletest/include,
				);
			};
			name = Debug;
		};
		435081D929D6C09A00465943 /* Release */ = {
			isa = XCBuildConfiguration;
			buildSettings = {
				CODE_SIGN_STYLE = Automatic;
				DEVELOPMENT_TEAM = DYPCUZH3W2;
				ENABLE_HARDENED_RUNTIME = YES;
				GCC_PREPROCESSOR_DEFINITIONS = (
					"PLATFORM_DARWIN=1",
					"PLATFORM_LINUX=2",
					"PLATFORM_FREEBSD=3",
					"PLATFORM_CYGWIN=4",
					"PSE_PLATFORM=PLATFORM_DARWIN",
					"$(inherited)",
				);
				LIBRARY_SEARCH_PATHS = (
					"$(inherited)",
					"$(PROJECT_DIR)/extern/googletest/build/lib",
				);
				MACOSX_DEPLOYMENT_TARGET = 13.1;
				PRODUCT_NAME = "$(TARGET_NAME)";
				SYSTEM_HEADER_SEARCH_PATHS = (
					"$(LOCAL_LIBRARY_DIR)/Frameworks/Python.framework/Headers",
					extern/spdlog/include,
				);
				USER_HEADER_SEARCH_PATHS = (
					include,
					extern/pybind11/include,
					extern/spdlog/include,
					extern/googletest/googletest/include,
				);
			};
			name = Release;
		};
		436C6C462924016F00152D8C /* Debug */ = {
			isa = XCBuildConfiguration;
			buildSettings = {
				ALWAYS_SEARCH_USER_PATHS = NO;
				CLANG_ANALYZER_NONNULL = YES;
				CLANG_ANALYZER_NUMBER_OBJECT_CONVERSION = YES_AGGRESSIVE;
				CLANG_CXX_LANGUAGE_STANDARD = "gnu++20";
				CLANG_ENABLE_MODULES = YES;
				CLANG_ENABLE_OBJC_ARC = YES;
				CLANG_ENABLE_OBJC_WEAK = YES;
				CLANG_WARN_BLOCK_CAPTURE_AUTORELEASING = YES;
				CLANG_WARN_BOOL_CONVERSION = YES;
				CLANG_WARN_COMMA = YES;
				CLANG_WARN_CONSTANT_CONVERSION = YES;
				CLANG_WARN_DEPRECATED_OBJC_IMPLEMENTATIONS = YES;
				CLANG_WARN_DIRECT_OBJC_ISA_USAGE = YES_ERROR;
				CLANG_WARN_DOCUMENTATION_COMMENTS = YES;
				CLANG_WARN_EMPTY_BODY = YES;
				CLANG_WARN_ENUM_CONVERSION = YES;
				CLANG_WARN_INFINITE_RECURSION = YES;
				CLANG_WARN_INT_CONVERSION = YES;
				CLANG_WARN_NON_LITERAL_NULL_CONVERSION = YES;
				CLANG_WARN_OBJC_IMPLICIT_RETAIN_SELF = YES;
				CLANG_WARN_OBJC_LITERAL_CONVERSION = YES;
				CLANG_WARN_OBJC_ROOT_CLASS = YES_ERROR;
				CLANG_WARN_QUOTED_INCLUDE_IN_FRAMEWORK_HEADER = YES;
				CLANG_WARN_RANGE_LOOP_ANALYSIS = YES;
				CLANG_WARN_STRICT_PROTOTYPES = YES;
				CLANG_WARN_SUSPICIOUS_MOVE = YES;
				CLANG_WARN_UNGUARDED_AVAILABILITY = YES_AGGRESSIVE;
				CLANG_WARN_UNREACHABLE_CODE = YES;
				CLANG_WARN__DUPLICATE_METHOD_MATCH = YES;
				COPY_PHASE_STRIP = NO;
				DEAD_CODE_STRIPPING = YES;
				DEBUG_INFORMATION_FORMAT = dwarf;
				ENABLE_STRICT_OBJC_MSGSEND = YES;
				ENABLE_TESTABILITY = YES;
				GCC_C_LANGUAGE_STANDARD = gnu11;
				GCC_DYNAMIC_NO_PIC = NO;
				GCC_NO_COMMON_BLOCKS = YES;
				GCC_OPTIMIZATION_LEVEL = 0;
				GCC_PREPROCESSOR_DEFINITIONS = (
					"DEBUG=1",
					"$(inherited)",
				);
				GCC_WARN_64_TO_32_BIT_CONVERSION = YES;
				GCC_WARN_ABOUT_RETURN_TYPE = YES_ERROR;
				GCC_WARN_UNDECLARED_SELECTOR = YES;
				GCC_WARN_UNINITIALIZED_AUTOS = YES_AGGRESSIVE;
				GCC_WARN_UNUSED_FUNCTION = YES;
				GCC_WARN_UNUSED_VARIABLE = YES;
				MACOSX_DEPLOYMENT_TARGET = 12.6;
				MTL_ENABLE_DEBUG_INFO = INCLUDE_SOURCE;
				MTL_FAST_MATH = YES;
				ONLY_ACTIVE_ARCH = YES;
				SDKROOT = macosx;
			};
			name = Debug;
		};
		436C6C472924016F00152D8C /* Release */ = {
			isa = XCBuildConfiguration;
			buildSettings = {
				ALWAYS_SEARCH_USER_PATHS = NO;
				CLANG_ANALYZER_NONNULL = YES;
				CLANG_ANALYZER_NUMBER_OBJECT_CONVERSION = YES_AGGRESSIVE;
				CLANG_CXX_LANGUAGE_STANDARD = "gnu++20";
				CLANG_ENABLE_MODULES = YES;
				CLANG_ENABLE_OBJC_ARC = YES;
				CLANG_ENABLE_OBJC_WEAK = YES;
				CLANG_WARN_BLOCK_CAPTURE_AUTORELEASING = YES;
				CLANG_WARN_BOOL_CONVERSION = YES;
				CLANG_WARN_COMMA = YES;
				CLANG_WARN_CONSTANT_CONVERSION = YES;
				CLANG_WARN_DEPRECATED_OBJC_IMPLEMENTATIONS = YES;
				CLANG_WARN_DIRECT_OBJC_ISA_USAGE = YES_ERROR;
				CLANG_WARN_DOCUMENTATION_COMMENTS = YES;
				CLANG_WARN_EMPTY_BODY = YES;
				CLANG_WARN_ENUM_CONVERSION = YES;
				CLANG_WARN_INFINITE_RECURSION = YES;
				CLANG_WARN_INT_CONVERSION = YES;
				CLANG_WARN_NON_LITERAL_NULL_CONVERSION = YES;
				CLANG_WARN_OBJC_IMPLICIT_RETAIN_SELF = YES;
				CLANG_WARN_OBJC_LITERAL_CONVERSION = YES;
				CLANG_WARN_OBJC_ROOT_CLASS = YES_ERROR;
				CLANG_WARN_QUOTED_INCLUDE_IN_FRAMEWORK_HEADER = YES;
				CLANG_WARN_RANGE_LOOP_ANALYSIS = YES;
				CLANG_WARN_STRICT_PROTOTYPES = YES;
				CLANG_WARN_SUSPICIOUS_MOVE = YES;
				CLANG_WARN_UNGUARDED_AVAILABILITY = YES_AGGRESSIVE;
				CLANG_WARN_UNREACHABLE_CODE = YES;
				CLANG_WARN__DUPLICATE_METHOD_MATCH = YES;
				COPY_PHASE_STRIP = NO;
				DEAD_CODE_STRIPPING = YES;
				DEBUG_INFORMATION_FORMAT = "dwarf-with-dsym";
				ENABLE_NS_ASSERTIONS = NO;
				ENABLE_STRICT_OBJC_MSGSEND = YES;
				GCC_C_LANGUAGE_STANDARD = gnu11;
				GCC_NO_COMMON_BLOCKS = YES;
				GCC_WARN_64_TO_32_BIT_CONVERSION = YES;
				GCC_WARN_ABOUT_RETURN_TYPE = YES_ERROR;
				GCC_WARN_UNDECLARED_SELECTOR = YES;
				GCC_WARN_UNINITIALIZED_AUTOS = YES_AGGRESSIVE;
				GCC_WARN_UNUSED_FUNCTION = YES;
				GCC_WARN_UNUSED_VARIABLE = YES;
				MACOSX_DEPLOYMENT_TARGET = 12.6;
				MTL_ENABLE_DEBUG_INFO = NO;
				MTL_FAST_MATH = YES;
				SDKROOT = macosx;
			};
			name = Release;
		};
		436C6C492924016F00152D8C /* Debug */ = {
			isa = XCBuildConfiguration;
			buildSettings = {
				CODE_SIGN_STYLE = Automatic;
				DEAD_CODE_STRIPPING = YES;
				DYLIB_COMPATIBILITY_VERSION = 1;
				DYLIB_CURRENT_VERSION = 1;
				EXECUTABLE_EXTENSION = "cpython-310-darwin.so";
				EXECUTABLE_PREFIX = "";
				FRAMEWORK_SEARCH_PATHS = (
					"$(inherited)",
					"$(LOCAL_LIBRARY_DIR)/Frameworks",
				);
				GCC_ENABLE_CPP_EXCEPTIONS = YES;
				GCC_ENABLE_CPP_RTTI = YES;
				GCC_PREPROCESSOR_DEFINITIONS = (
					"PLATFORM_DARWIN=1",
					"PLATFORM_LINUX=2",
					"PLATFORM_FREEBSD=3",
					"PLATFORM_CYGWIN=4",
					"PSE_PLATFORM=PLATFORM_DARWIN",
					"$(inherited)",
				);
				GCC_SYMBOLS_PRIVATE_EXTERN = YES;
				LIBRARY_SEARCH_PATHS = (
					/usr/local/lib,
					"$(PROJECT_DIR)/lib",
					"$(PROJECT_DIR)/extern/googletest/build/lib",
				);
				OTHER_LDFLAGS = (
					"-undefined",
					dynamic_lookup,
				);
				PRODUCT_NAME = "$(TARGET_NAME)";
				SKIP_INSTALL = YES;
				SYSTEM_HEADER_SEARCH_PATHS = (
					"$(LOCAL_LIBRARY_DIR)/Frameworks/Python.framework/Headers",
					extern/spdlog/include,
				);
				USER_HEADER_SEARCH_PATHS = (
					include,
					extern/pybind11/include,
					extern/spdlog/include,
				);
			};
			name = Debug;
		};
		436C6C4A2924016F00152D8C /* Release */ = {
			isa = XCBuildConfiguration;
			buildSettings = {
				CODE_SIGN_STYLE = Automatic;
				DEAD_CODE_STRIPPING = YES;
				DYLIB_COMPATIBILITY_VERSION = 1;
				DYLIB_CURRENT_VERSION = 1;
				EXECUTABLE_EXTENSION = "cpython-310-darwin.so";
				EXECUTABLE_PREFIX = "";
				FRAMEWORK_SEARCH_PATHS = (
					"$(inherited)",
					"$(LOCAL_LIBRARY_DIR)/Frameworks",
				);
				GCC_ENABLE_CPP_EXCEPTIONS = YES;
				GCC_ENABLE_CPP_RTTI = YES;
				GCC_PREPROCESSOR_DEFINITIONS = (
					"PLATFORM_DARWIN=1",
					"PLATFORM_LINUX=2",
					"PLATFORM_FREEBSD=3",
					"PLATFORM_CYGWIN=4",
					"PSE_PLATFORM=PLATFORM_DARWIN",
					"$(inherited)",
				);
				GCC_SYMBOLS_PRIVATE_EXTERN = YES;
				LIBRARY_SEARCH_PATHS = (
					/usr/local/lib,
					"$(PROJECT_DIR)/lib",
					"$(PROJECT_DIR)/extern/googletest/build/lib",
				);
				OTHER_LDFLAGS = (
					"-undefined",
					dynamic_lookup,
				);
				PRODUCT_NAME = "$(TARGET_NAME)";
				SKIP_INSTALL = YES;
				SYSTEM_HEADER_SEARCH_PATHS = (
					"$(LOCAL_LIBRARY_DIR)/Frameworks/Python.framework/Headers",
					extern/spdlog/include,
				);
				USER_HEADER_SEARCH_PATHS = (
					include,
					extern/pybind11/include,
					extern/spdlog/include,
				);
			};
			name = Release;
		};
		43FBEAC22930CD22008FC486 /* Debug */ = {
			isa = XCBuildConfiguration;
			buildSettings = {
				CODE_SIGN_IDENTITY = "-";
				CODE_SIGN_STYLE = Automatic;
				DEAD_CODE_STRIPPING = YES;
				DEVELOPMENT_TEAM = DYPCUZH3W2;
				ENABLE_HARDENED_RUNTIME = YES;
				FRAMEWORK_SEARCH_PATHS = (
					"$(inherited)",
					"$(LOCAL_LIBRARY_DIR)/Frameworks",
				);
				HEADER_SEARCH_PATHS = extern/spdlog/include;
				LIBRARY_SEARCH_PATHS = (
					/usr/local/lib,
					"$(PROJECT_DIR)/lib",
				);
				PRIVATE_HEADERS_FOLDER_PATH = /usr/local/include;
				PRODUCT_NAME = "$(TARGET_NAME)";
				PUBLIC_HEADERS_FOLDER_PATH = /usr/local/include;
				SYSTEM_HEADER_SEARCH_PATHS = (
					"$(LOCAL_LIBRARY_DIR)/Frameworks/Python.framework/Headers",
					extern/spdlog/include,
				);
				USER_HEADER_SEARCH_PATHS = (
					include,
					extern/pybind11/include,
					extern/spdlog/include,
				);
			};
			name = Debug;
		};
		43FBEAC32930CD22008FC486 /* Release */ = {
			isa = XCBuildConfiguration;
			buildSettings = {
				CODE_SIGN_IDENTITY = "-";
				CODE_SIGN_STYLE = Automatic;
				DEAD_CODE_STRIPPING = YES;
				DEVELOPMENT_TEAM = DYPCUZH3W2;
				ENABLE_HARDENED_RUNTIME = YES;
				FRAMEWORK_SEARCH_PATHS = (
					"$(inherited)",
					"$(LOCAL_LIBRARY_DIR)/Frameworks",
				);
				HEADER_SEARCH_PATHS = extern/spdlog/include;
				LIBRARY_SEARCH_PATHS = (
					/usr/local/lib,
					"$(PROJECT_DIR)/lib",
				);
				PRIVATE_HEADERS_FOLDER_PATH = /usr/local/include;
				PRODUCT_NAME = "$(TARGET_NAME)";
				PUBLIC_HEADERS_FOLDER_PATH = /usr/local/include;
				SYSTEM_HEADER_SEARCH_PATHS = (
					"$(LOCAL_LIBRARY_DIR)/Frameworks/Python.framework/Headers",
					extern/spdlog/include,
				);
				USER_HEADER_SEARCH_PATHS = (
					include,
					extern/pybind11/include,
					extern/spdlog/include,
				);
			};
			name = Release;
		};
/* End XCBuildConfiguration section */

/* Begin XCConfigurationList section */
		435081D729D6C09A00465943 /* Build configuration list for PBXNativeTarget "testpse" */ = {
			isa = XCConfigurationList;
			buildConfigurations = (
				435081D829D6C09A00465943 /* Debug */,
				435081D929D6C09A00465943 /* Release */,
			);
			defaultConfigurationIsVisible = 0;
			defaultConfigurationName = Release;
		};
		436C6C382924016F00152D8C /* Build configuration list for PBXProject "pse" */ = {
			isa = XCConfigurationList;
			buildConfigurations = (
				436C6C462924016F00152D8C /* Debug */,
				436C6C472924016F00152D8C /* Release */,
			);
			defaultConfigurationIsVisible = 0;
			defaultConfigurationName = Release;
		};
		436C6C482924016F00152D8C /* Build configuration list for PBXNativeTarget "pse" */ = {
			isa = XCConfigurationList;
			buildConfigurations = (
				436C6C492924016F00152D8C /* Debug */,
				436C6C4A2924016F00152D8C /* Release */,
			);
			defaultConfigurationIsVisible = 0;
			defaultConfigurationName = Release;
		};
		43FBEAC12930CD22008FC486 /* Build configuration list for PBXNativeTarget "debugpse" */ = {
			isa = XCConfigurationList;
			buildConfigurations = (
				43FBEAC22930CD22008FC486 /* Debug */,
				43FBEAC32930CD22008FC486 /* Release */,
			);
			defaultConfigurationIsVisible = 0;
			defaultConfigurationName = Release;
		};
/* End XCConfigurationList section */
	};
	rootObject = 436C6C352924016F00152D8C /* Project object */;
}
